// !$*UTF8*$!
{
	archiveVersion = 1;
	classes = {
	};
	objectVersion = 50;
	objects = {

/* Begin PBXBuildFile section */
		660D4FF4263037BF00D877C1 /* Project11App.swift in Sources */ = {isa = PBXBuildFile; fileRef = 660D4FF3263037BF00D877C1 /* Project11App.swift */; };
		660D4FF6263037BF00D877C1 /* ContentView.swift in Sources */ = {isa = PBXBuildFile; fileRef = 660D4FF5263037BF00D877C1 /* ContentView.swift */; };
		660D4FF8263037BF00D877C1 /* Assets.xcassets in Resources */ = {isa = PBXBuildFile; fileRef = 660D4FF7263037BF00D877C1 /* Assets.xcassets */; };
		660D4FFB263037BF00D877C1 /* Preview Assets.xcassets in Resources */ = {isa = PBXBuildFile; fileRef = 660D4FFA263037BF00D877C1 /* Preview Assets.xcassets */; };
		660D4FFD263037BF00D877C1 /* Persistence.swift in Sources */ = {isa = PBXBuildFile; fileRef = 660D4FFC263037BF00D877C1 /* Persistence.swift */; };
		660D5000263037BF00D877C1 /* Project11.xcdatamodeld in Sources */ = {isa = PBXBuildFile; fileRef = 660D4FFE263037BF00D877C1 /* Project11.xcdatamodeld */; };
		660D500B263037BF00D877C1 /* Project11Tests.swift in Sources */ = {isa = PBXBuildFile; fileRef = 660D500A263037BF00D877C1 /* Project11Tests.swift */; };
		660D5016263037BF00D877C1 /* Project11UITests.swift in Sources */ = {isa = PBXBuildFile; fileRef = 660D5015263037BF00D877C1 /* Project11UITests.swift */; };
		663EB5C52632BCA6005BA351 /* Movie+CoreDataClass.swift in Sources */ = {isa = PBXBuildFile; fileRef = 663EB5C32632BCA6005BA351 /* Movie+CoreDataClass.swift */; };
		663EB5C62632BCA6005BA351 /* Movie+CoreDataProperties.swift in Sources */ = {isa = PBXBuildFile; fileRef = 663EB5C42632BCA6005BA351 /* Movie+CoreDataProperties.swift */; };
		66C128D726310A7100A0E6F7 /* RatingView.swift in Sources */ = {isa = PBXBuildFile; fileRef = 66C128D626310A7100A0E6F7 /* RatingView.swift */; };
		66C128DF26310DC000A0E6F7 /* EmojiRatingView.swift in Sources */ = {isa = PBXBuildFile; fileRef = 66C128DE26310DC000A0E6F7 /* EmojiRatingView.swift */; };
		66C128E72631186400A0E6F7 /* DetailView.swift in Sources */ = {isa = PBXBuildFile; fileRef = 66C128E62631186400A0E6F7 /* DetailView.swift */; };
		66E1DFFC26307792000DCC54 /* AddBook.swift in Sources */ = {isa = PBXBuildFile; fileRef = 66E1DFFB26307792000DCC54 /* AddBook.swift */; };
/* End PBXBuildFile section */

/* Begin PBXContainerItemProxy section */
		660D5007263037BF00D877C1 /* PBXContainerItemProxy */ = {
			isa = PBXContainerItemProxy;
			containerPortal = 660D4FE8263037BF00D877C1 /* Project object */;
			proxyType = 1;
			remoteGlobalIDString = 660D4FEF263037BF00D877C1;
			remoteInfo = Project11;
		};
		660D5012263037BF00D877C1 /* PBXContainerItemProxy */ = {
			isa = PBXContainerItemProxy;
			containerPortal = 660D4FE8263037BF00D877C1 /* Project object */;
			proxyType = 1;
			remoteGlobalIDString = 660D4FEF263037BF00D877C1;
			remoteInfo = Project11;
		};
/* End PBXContainerItemProxy section */

/* Begin PBXFileReference section */
		660D4FF0263037BF00D877C1 /* Project11.app */ = {isa = PBXFileReference; explicitFileType = wrapper.application; includeInIndex = 0; path = Project11.app; sourceTree = BUILT_PRODUCTS_DIR; };
		660D4FF3263037BF00D877C1 /* Project11App.swift */ = {isa = PBXFileReference; lastKnownFileType = sourcecode.swift; path = Project11App.swift; sourceTree = "<group>"; };
		660D4FF5263037BF00D877C1 /* ContentView.swift */ = {isa = PBXFileReference; lastKnownFileType = sourcecode.swift; path = ContentView.swift; sourceTree = "<group>"; };
		660D4FF7263037BF00D877C1 /* Assets.xcassets */ = {isa = PBXFileReference; lastKnownFileType = folder.assetcatalog; path = Assets.xcassets; sourceTree = "<group>"; };
		660D4FFA263037BF00D877C1 /* Preview Assets.xcassets */ = {isa = PBXFileReference; lastKnownFileType = folder.assetcatalog; path = "Preview Assets.xcassets"; sourceTree = "<group>"; };
		660D4FFC263037BF00D877C1 /* Persistence.swift */ = {isa = PBXFileReference; lastKnownFileType = sourcecode.swift; path = Persistence.swift; sourceTree = "<group>"; };
		660D4FFF263037BF00D877C1 /* Project11.xcdatamodel */ = {isa = PBXFileReference; lastKnownFileType = wrapper.xcdatamodel; path = Project11.xcdatamodel; sourceTree = "<group>"; };
		660D5001263037BF00D877C1 /* Info.plist */ = {isa = PBXFileReference; lastKnownFileType = text.plist.xml; path = Info.plist; sourceTree = "<group>"; };
		660D5006263037BF00D877C1 /* Project11Tests.xctest */ = {isa = PBXFileReference; explicitFileType = wrapper.cfbundle; includeInIndex = 0; path = Project11Tests.xctest; sourceTree = BUILT_PRODUCTS_DIR; };
		660D500A263037BF00D877C1 /* Project11Tests.swift */ = {isa = PBXFileReference; lastKnownFileType = sourcecode.swift; path = Project11Tests.swift; sourceTree = "<group>"; };
		660D500C263037BF00D877C1 /* Info.plist */ = {isa = PBXFileReference; lastKnownFileType = text.plist.xml; path = Info.plist; sourceTree = "<group>"; };
		660D5011263037BF00D877C1 /* Project11UITests.xctest */ = {isa = PBXFileReference; explicitFileType = wrapper.cfbundle; includeInIndex = 0; path = Project11UITests.xctest; sourceTree = BUILT_PRODUCTS_DIR; };
		660D5015263037BF00D877C1 /* Project11UITests.swift */ = {isa = PBXFileReference; lastKnownFileType = sourcecode.swift; path = Project11UITests.swift; sourceTree = "<group>"; };
		660D5017263037BF00D877C1 /* Info.plist */ = {isa = PBXFileReference; lastKnownFileType = text.plist.xml; path = Info.plist; sourceTree = "<group>"; };
		663EB5C32632BCA6005BA351 /* Movie+CoreDataClass.swift */ = {isa = PBXFileReference; lastKnownFileType = sourcecode.swift; name = "Movie+CoreDataClass.swift"; path = "Project11/Movie+CoreDataClass.swift"; sourceTree = "<group>"; };
		663EB5C42632BCA6005BA351 /* Movie+CoreDataProperties.swift */ = {isa = PBXFileReference; lastKnownFileType = sourcecode.swift; name = "Movie+CoreDataProperties.swift"; path = "Project11/Movie+CoreDataProperties.swift"; sourceTree = "<group>"; };
		66C128D626310A7100A0E6F7 /* RatingView.swift */ = {isa = PBXFileReference; lastKnownFileType = sourcecode.swift; path = RatingView.swift; sourceTree = "<group>"; };
		66C128DE26310DC000A0E6F7 /* EmojiRatingView.swift */ = {isa = PBXFileReference; lastKnownFileType = sourcecode.swift; path = EmojiRatingView.swift; sourceTree = "<group>"; };
		66C128E62631186400A0E6F7 /* DetailView.swift */ = {isa = PBXFileReference; lastKnownFileType = sourcecode.swift; path = DetailView.swift; sourceTree = "<group>"; };
		66E1DFFB26307792000DCC54 /* AddBook.swift */ = {isa = PBXFileReference; lastKnownFileType = sourcecode.swift; path = AddBook.swift; sourceTree = "<group>"; };
/* End PBXFileReference section */

/* Begin PBXFrameworksBuildPhase section */
		660D4FED263037BF00D877C1 /* Frameworks */ = {
			isa = PBXFrameworksBuildPhase;
			buildActionMask = 2147483647;
			files = (
			);
			runOnlyForDeploymentPostprocessing = 0;
		};
		660D5003263037BF00D877C1 /* Frameworks */ = {
			isa = PBXFrameworksBuildPhase;
			buildActionMask = 2147483647;
			files = (
			);
			runOnlyForDeploymentPostprocessing = 0;
		};
		660D500E263037BF00D877C1 /* Frameworks */ = {
			isa = PBXFrameworksBuildPhase;
			buildActionMask = 2147483647;
			files = (
			);
			runOnlyForDeploymentPostprocessing = 0;
		};
/* End PBXFrameworksBuildPhase section */

/* Begin PBXGroup section */
		660D4FE7263037BF00D877C1 = {
			isa = PBXGroup;
			children = (
				663EB5C32632BCA6005BA351 /* Movie+CoreDataClass.swift */,
				663EB5C42632BCA6005BA351 /* Movie+CoreDataProperties.swift */,
				660D4FF2263037BF00D877C1 /* Project11 */,
				660D5009263037BF00D877C1 /* Project11Tests */,
				660D5014263037BF00D877C1 /* Project11UITests */,
				660D4FF1263037BF00D877C1 /* Products */,
			);
			sourceTree = "<group>";
		};
		660D4FF1263037BF00D877C1 /* Products */ = {
			isa = PBXGroup;
			children = (
				660D4FF0263037BF00D877C1 /* Project11.app */,
				660D5006263037BF00D877C1 /* Project11Tests.xctest */,
				660D5011263037BF00D877C1 /* Project11UITests.xctest */,
			);
			name = Products;
			sourceTree = "<group>";
		};
		660D4FF2263037BF00D877C1 /* Project11 */ = {
			isa = PBXGroup;
			children = (
				660D4FF3263037BF00D877C1 /* Project11App.swift */,
				660D4FF5263037BF00D877C1 /* ContentView.swift */,
				66E1DFFB26307792000DCC54 /* AddBook.swift */,
				66C128D626310A7100A0E6F7 /* RatingView.swift */,
				66C128DE26310DC000A0E6F7 /* EmojiRatingView.swift */,
				66C128E62631186400A0E6F7 /* DetailView.swift */,
				660D4FF7263037BF00D877C1 /* Assets.xcassets */,
				660D4FFC263037BF00D877C1 /* Persistence.swift */,
				660D5001263037BF00D877C1 /* Info.plist */,
				660D4FFE263037BF00D877C1 /* Project11.xcdatamodeld */,
				660D4FF9263037BF00D877C1 /* Preview Content */,
			);
			path = Project11;
			sourceTree = "<group>";
		};
		660D4FF9263037BF00D877C1 /* Preview Content */ = {
			isa = PBXGroup;
			children = (
				660D4FFA263037BF00D877C1 /* Preview Assets.xcassets */,
			);
			path = "Preview Content";
			sourceTree = "<group>";
		};
		660D5009263037BF00D877C1 /* Project11Tests */ = {
			isa = PBXGroup;
			children = (
				660D500A263037BF00D877C1 /* Project11Tests.swift */,
				660D500C263037BF00D877C1 /* Info.plist */,
			);
			path = Project11Tests;
			sourceTree = "<group>";
		};
		660D5014263037BF00D877C1 /* Project11UITests */ = {
			isa = PBXGroup;
			children = (
				660D5015263037BF00D877C1 /* Project11UITests.swift */,
				660D5017263037BF00D877C1 /* Info.plist */,
			);
			path = Project11UITests;
			sourceTree = "<group>";
		};
/* End PBXGroup section */

/* Begin PBXNativeTarget section */
		660D4FEF263037BF00D877C1 /* Project11 */ = {
			isa = PBXNativeTarget;
			buildConfigurationList = 660D501A263037BF00D877C1 /* Build configuration list for PBXNativeTarget "Project11" */;
			buildPhases = (
				660D4FEC263037BF00D877C1 /* Sources */,
				660D4FED263037BF00D877C1 /* Frameworks */,
				660D4FEE263037BF00D877C1 /* Resources */,
			);
			buildRules = (
			);
			dependencies = (
			);
			name = Project11;
			productName = Project11;
			productReference = 660D4FF0263037BF00D877C1 /* Project11.app */;
			productType = "com.apple.product-type.application";
		};
		660D5005263037BF00D877C1 /* Project11Tests */ = {
			isa = PBXNativeTarget;
			buildConfigurationList = 660D501D263037BF00D877C1 /* Build configuration list for PBXNativeTarget "Project11Tests" */;
			buildPhases = (
				660D5002263037BF00D877C1 /* Sources */,
				660D5003263037BF00D877C1 /* Frameworks */,
				660D5004263037BF00D877C1 /* Resources */,
			);
			buildRules = (
			);
			dependencies = (
				660D5008263037BF00D877C1 /* PBXTargetDependency */,
			);
			name = Project11Tests;
			productName = Project11Tests;
			productReference = 660D5006263037BF00D877C1 /* Project11Tests.xctest */;
			productType = "com.apple.product-type.bundle.unit-test";
		};
		660D5010263037BF00D877C1 /* Project11UITests */ = {
			isa = PBXNativeTarget;
			buildConfigurationList = 660D5020263037BF00D877C1 /* Build configuration list for PBXNativeTarget "Project11UITests" */;
			buildPhases = (
				660D500D263037BF00D877C1 /* Sources */,
				660D500E263037BF00D877C1 /* Frameworks */,
				660D500F263037BF00D877C1 /* Resources */,
			);
			buildRules = (
			);
			dependencies = (
				660D5013263037BF00D877C1 /* PBXTargetDependency */,
			);
			name = Project11UITests;
			productName = Project11UITests;
			productReference = 660D5011263037BF00D877C1 /* Project11UITests.xctest */;
			productType = "com.apple.product-type.bundle.ui-testing";
		};
/* End PBXNativeTarget section */

/* Begin PBXProject section */
		660D4FE8263037BF00D877C1 /* Project object */ = {
			isa = PBXProject;
			attributes = {
				LastSwiftUpdateCheck = 1240;
				LastUpgradeCheck = 1240;
				TargetAttributes = {
					660D4FEF263037BF00D877C1 = {
						CreatedOnToolsVersion = 12.4;
					};
					660D5005263037BF00D877C1 = {
						CreatedOnToolsVersion = 12.4;
						TestTargetID = 660D4FEF263037BF00D877C1;
					};
					660D5010263037BF00D877C1 = {
						CreatedOnToolsVersion = 12.4;
						TestTargetID = 660D4FEF263037BF00D877C1;
					};
				};
			};
			buildConfigurationList = 660D4FEB263037BF00D877C1 /* Build configuration list for PBXProject "Project11" */;
			compatibilityVersion = "Xcode 9.3";
			developmentRegion = en;
			hasScannedForEncodings = 0;
			knownRegions = (
				en,
				Base,
			);
			mainGroup = 660D4FE7263037BF00D877C1;
			productRefGroup = 660D4FF1263037BF00D877C1 /* Products */;
			projectDirPath = "";
			projectRoot = "";
			targets = (
				660D4FEF263037BF00D877C1 /* Project11 */,
				660D5005263037BF00D877C1 /* Project11Tests */,
				660D5010263037BF00D877C1 /* Project11UITests */,
			);
		};
/* End PBXProject section */

/* Begin PBXResourcesBuildPhase section */
		660D4FEE263037BF00D877C1 /* Resources */ = {
			isa = PBXResourcesBuildPhase;
			buildActionMask = 2147483647;
			files = (
				660D4FFB263037BF00D877C1 /* Preview Assets.xcassets in Resources */,
				660D4FF8263037BF00D877C1 /* Assets.xcassets in Resources */,
			);
			runOnlyForDeploymentPostprocessing = 0;
		};
		660D5004263037BF00D877C1 /* Resources */ = {
			isa = PBXResourcesBuildPhase;
			buildActionMask = 2147483647;
			files = (
			);
			runOnlyForDeploymentPostprocessing = 0;
		};
		660D500F263037BF00D877C1 /* Resources */ = {
			isa = PBXResourcesBuildPhase;
			buildActionMask = 2147483647;
			files = (
			);
			runOnlyForDeploymentPostprocessing = 0;
		};
/* End PBXResourcesBuildPhase section */

/* Begin PBXSourcesBuildPhase section */
		660D4FEC263037BF00D877C1 /* Sources */ = {
			isa = PBXSourcesBuildPhase;
			buildActionMask = 2147483647;
			files = (
				660D4FFD263037BF00D877C1 /* Persistence.swift in Sources */,
				66C128E72631186400A0E6F7 /* DetailView.swift in Sources */,
				660D4FF6263037BF00D877C1 /* ContentView.swift in Sources */,
				66C128DF26310DC000A0E6F7 /* EmojiRatingView.swift in Sources */,
				663EB5C52632BCA6005BA351 /* Movie+CoreDataClass.swift in Sources */,
				660D4FF4263037BF00D877C1 /* Project11App.swift in Sources */,
				663EB5C62632BCA6005BA351 /* Movie+CoreDataProperties.swift in Sources */,
				66C128D726310A7100A0E6F7 /* RatingView.swift in Sources */,
				66E1DFFC26307792000DCC54 /* AddBook.swift in Sources */,
				660D5000263037BF00D877C1 /* Project11.xcdatamodeld in Sources */,
			);
			runOnlyForDeploymentPostprocessing = 0;
		};
		660D5002263037BF00D877C1 /* Sources */ = {
			isa = PBXSourcesBuildPhase;
			buildActionMask = 2147483647;
			files = (
				660D500B263037BF00D877C1 /* Project11Tests.swift in Sources */,
			);
			runOnlyForDeploymentPostprocessing = 0;
		};
		660D500D263037BF00D877C1 /* Sources */ = {
			isa = PBXSourcesBuildPhase;
			buildActionMask = 2147483647;
			files = (
				660D5016263037BF00D877C1 /* Project11UITests.swift in Sources */,
			);
			runOnlyForDeploymentPostprocessing = 0;
		};
/* End PBXSourcesBuildPhase section */

/* Begin PBXTargetDependency section */
		660D5008263037BF00D877C1 /* PBXTargetDependency */ = {
			isa = PBXTargetDependency;
			target = 660D4FEF263037BF00D877C1 /* Project11 */;
			targetProxy = 660D5007263037BF00D877C1 /* PBXContainerItemProxy */;
		};
		660D5013263037BF00D877C1 /* PBXTargetDependency */ = {
			isa = PBXTargetDependency;
			target = 660D4FEF263037BF00D877C1 /* Project11 */;
			targetProxy = 660D5012263037BF00D877C1 /* PBXContainerItemProxy */;
		};
/* End PBXTargetDependency section */

/* Begin XCBuildConfiguration section */
		660D5018263037BF00D877C1 /* Debug */ = {
			isa = XCBuildConfiguration;
			buildSettings = {
				ALWAYS_SEARCH_USER_PATHS = NO;
				CLANG_ANALYZER_NONNULL = YES;
				CLANG_ANALYZER_NUMBER_OBJECT_CONVERSION = YES_AGGRESSIVE;
				CLANG_CXX_LANGUAGE_STANDARD = "gnu++14";
				CLANG_CXX_LIBRARY = "libc++";
				CLANG_ENABLE_MODULES = YES;
				CLANG_ENABLE_OBJC_ARC = YES;
				CLANG_ENABLE_OBJC_WEAK = YES;
				CLANG_WARN_BLOCK_CAPTURE_AUTORELEASING = YES;
				CLANG_WARN_BOOL_CONVERSION = YES;
				CLANG_WARN_COMMA = YES;
				CLANG_WARN_CONSTANT_CONVERSION = YES;
				CLANG_WARN_DEPRECATED_OBJC_IMPLEMENTATIONS = YES;
				CLANG_WARN_DIRECT_OBJC_ISA_USAGE = YES_ERROR;
				CLANG_WARN_DOCUMENTATION_COMMENTS = YES;
				CLANG_WARN_EMPTY_BODY = YES;
				CLANG_WARN_ENUM_CONVERSION = YES;
				CLANG_WARN_INFINITE_RECURSION = YES;
				CLANG_WARN_INT_CONVERSION = YES;
				CLANG_WARN_NON_LITERAL_NULL_CONVERSION = YES;
				CLANG_WARN_OBJC_IMPLICIT_RETAIN_SELF = YES;
				CLANG_WARN_OBJC_LITERAL_CONVERSION = YES;
				CLANG_WARN_OBJC_ROOT_CLASS = YES_ERROR;
				CLANG_WARN_QUOTED_INCLUDE_IN_FRAMEWORK_HEADER = YES;
				CLANG_WARN_RANGE_LOOP_ANALYSIS = YES;
				CLANG_WARN_STRICT_PROTOTYPES = YES;
				CLANG_WARN_SUSPICIOUS_MOVE = YES;
				CLANG_WARN_UNGUARDED_AVAILABILITY = YES_AGGRESSIVE;
				CLANG_WARN_UNREACHABLE_CODE = YES;
				CLANG_WARN__DUPLICATE_METHOD_MATCH = YES;
				COPY_PHASE_STRIP = NO;
				DEBUG_INFORMATION_FORMAT = dwarf;
				ENABLE_STRICT_OBJC_MSGSEND = YES;
				ENABLE_TESTABILITY = YES;
				GCC_C_LANGUAGE_STANDARD = gnu11;
				GCC_DYNAMIC_NO_PIC = NO;
				GCC_NO_COMMON_BLOCKS = YES;
				GCC_OPTIMIZATION_LEVEL = 0;
				GCC_PREPROCESSOR_DEFINITIONS = (
					"DEBUG=1",
					"$(inherited)",
				);
				GCC_WARN_64_TO_32_BIT_CONVERSION = YES;
				GCC_WARN_ABOUT_RETURN_TYPE = YES_ERROR;
				GCC_WARN_UNDECLARED_SELECTOR = YES;
				GCC_WARN_UNINITIALIZED_AUTOS = YES_AGGRESSIVE;
				GCC_WARN_UNUSED_FUNCTION = YES;
				GCC_WARN_UNUSED_VARIABLE = YES;
				IPHONEOS_DEPLOYMENT_TARGET = 14.4;
				MTL_ENABLE_DEBUG_INFO = INCLUDE_SOURCE;
				MTL_FAST_MATH = YES;
				ONLY_ACTIVE_ARCH = YES;
				SDKROOT = iphoneos;
				SWIFT_ACTIVE_COMPILATION_CONDITIONS = DEBUG;
				SWIFT_OPTIMIZATION_LEVEL = "-Onone";
			};
			name = Debug;
		};
		660D5019263037BF00D877C1 /* Release */ = {
			isa = XCBuildConfiguration;
			buildSettings = {
				ALWAYS_SEARCH_USER_PATHS = NO;
				CLANG_ANALYZER_NONNULL = YES;
				CLANG_ANALYZER_NUMBER_OBJECT_CONVERSION = YES_AGGRESSIVE;
				CLANG_CXX_LANGUAGE_STANDARD = "gnu++14";
				CLANG_CXX_LIBRARY = "libc++";
				CLANG_ENABLE_MODULES = YES;
				CLANG_ENABLE_OBJC_ARC = YES;
				CLANG_ENABLE_OBJC_WEAK = YES;
				CLANG_WARN_BLOCK_CAPTURE_AUTORELEASING = YES;
				CLANG_WARN_BOOL_CONVERSION = YES;
				CLANG_WARN_COMMA = YES;
				CLANG_WARN_CONSTANT_CONVERSION = YES;
				CLANG_WARN_DEPRECATED_OBJC_IMPLEMENTATIONS = YES;
				CLANG_WARN_DIRECT_OBJC_ISA_USAGE = YES_ERROR;
				CLANG_WARN_DOCUMENTATION_COMMENTS = YES;
				CLANG_WARN_EMPTY_BODY = YES;
				CLANG_WARN_ENUM_CONVERSION = YES;
				CLANG_WARN_INFINITE_RECURSION = YES;
				CLANG_WARN_INT_CONVERSION = YES;
				CLANG_WARN_NON_LITERAL_NULL_CONVERSION = YES;
				CLANG_WARN_OBJC_IMPLICIT_RETAIN_SELF = YES;
				CLANG_WARN_OBJC_LITERAL_CONVERSION = YES;
				CLANG_WARN_OBJC_ROOT_CLASS = YES_ERROR;
				CLANG_WARN_QUOTED_INCLUDE_IN_FRAMEWORK_HEADER = YES;
				CLANG_WARN_RANGE_LOOP_ANALYSIS = YES;
				CLANG_WARN_STRICT_PROTOTYPES = YES;
				CLANG_WARN_SUSPICIOUS_MOVE = YES;
				CLANG_WARN_UNGUARDED_AVAILABILITY = YES_AGGRESSIVE;
				CLANG_WARN_UNREACHABLE_CODE = YES;
				CLANG_WARN__DUPLICATE_METHOD_MATCH = YES;
				COPY_PHASE_STRIP = NO;
				DEBUG_INFORMATION_FORMAT = "dwarf-with-dsym";
				ENABLE_NS_ASSERTIONS = NO;
				ENABLE_STRICT_OBJC_MSGSEND = YES;
				GCC_C_LANGUAGE_STANDARD = gnu11;
				GCC_NO_COMMON_BLOCKS = YES;
				GCC_WARN_64_TO_32_BIT_CONVERSION = YES;
				GCC_WARN_ABOUT_RETURN_TYPE = YES_ERROR;
				GCC_WARN_UNDECLARED_SELECTOR = YES;
				GCC_WARN_UNINITIALIZED_AUTOS = YES_AGGRESSIVE;
				GCC_WARN_UNUSED_FUNCTION = YES;
				GCC_WARN_UNUSED_VARIABLE = YES;
				IPHONEOS_DEPLOYMENT_TARGET = 14.4;
				MTL_ENABLE_DEBUG_INFO = NO;
				MTL_FAST_MATH = YES;
				SDKROOT = iphoneos;
				SWIFT_COMPILATION_MODE = wholemodule;
				SWIFT_OPTIMIZATION_LEVEL = "-O";
				VALIDATE_PRODUCT = YES;
			};
			name = Release;
		};
		660D501B263037BF00D877C1 /* Debug */ = {
			isa = XCBuildConfiguration;
			buildSettings = {
				ASSETCATALOG_COMPILER_APPICON_NAME = AppIcon;
				ASSETCATALOG_COMPILER_GLOBAL_ACCENT_COLOR_NAME = AccentColor;
				CODE_SIGN_STYLE = Automatic;
				DEVELOPMENT_ASSET_PATHS = "\"Project11/Preview Content\"";
				DEVELOPMENT_TEAM = 8TC4W5JV38;
				ENABLE_PREVIEWS = YES;
				INFOPLIST_FILE = Project11/Info.plist;
				IPHONEOS_DEPLOYMENT_TARGET = 14.0;
				LD_RUNPATH_SEARCH_PATHS = (
					"$(inherited)",
					"@executable_path/Frameworks",
				);
				PRODUCT_BUNDLE_IDENTIFIER = cho.Project11;
				PRODUCT_NAME = "$(TARGET_NAME)";
				SWIFT_VERSION = 5.0;
				TARGETED_DEVICE_FAMILY = "1,2";
			};
			name = Debug;
		};
		660D501C263037BF00D877C1 /* Release */ = {
			isa = XCBuildConfiguration;
			buildSettings = {
				ASSETCATALOG_COMPILER_APPICON_NAME = AppIcon;
				ASSETCATALOG_COMPILER_GLOBAL_ACCENT_COLOR_NAME = AccentColor;
				CODE_SIGN_STYLE = Automatic;
				DEVELOPMENT_ASSET_PATHS = "\"Project11/Preview Content\"";
				DEVELOPMENT_TEAM = 8TC4W5JV38;
				ENABLE_PREVIEWS = YES;
				INFOPLIST_FILE = Project11/Info.plist;
				IPHONEOS_DEPLOYMENT_TARGET = 14.0;
				LD_RUNPATH_SEARCH_PATHS = (
					"$(inherited)",
					"@executable_path/Frameworks",
				);
				PRODUCT_BUNDLE_IDENTIFIER = cho.Project11;
				PRODUCT_NAME = "$(TARGET_NAME)";
				SWIFT_VERSION = 5.0;
				TARGETED_DEVICE_FAMILY = "1,2";
			};
			name = Release;
		};
		660D501E263037BF00D877C1 /* Debug */ = {
			isa = XCBuildConfiguration;
			buildSettings = {
				ALWAYS_EMBED_SWIFT_STANDARD_LIBRARIES = YES;
				BUNDLE_LOADER = "$(TEST_HOST)";
				CODE_SIGN_STYLE = Automatic;
				DEVELOPMENT_TEAM = 8TC4W5JV38;
				INFOPLIST_FILE = Project11Tests/Info.plist;
				IPHONEOS_DEPLOYMENT_TARGET = 14.0;
				LD_RUNPATH_SEARCH_PATHS = (
					"$(inherited)",
					"@executable_path/Frameworks",
					"@loader_path/Frameworks",
				);
				PRODUCT_BUNDLE_IDENTIFIER = cho.Project11Tests;
				PRODUCT_NAME = "$(TARGET_NAME)";
				SWIFT_VERSION = 5.0;
				TARGETED_DEVICE_FAMILY = "1,2";
				TEST_HOST = "$(BUILT_PRODUCTS_DIR)/Project11.app/Project11";
			};
			name = Debug;
		};
		660D501F263037BF00D877C1 /* Release */ = {
			isa = XCBuildConfiguration;
			buildSettings = {
				ALWAYS_EMBED_SWIFT_STANDARD_LIBRARIES = YES;
				BUNDLE_LOADER = "$(TEST_HOST)";
				CODE_SIGN_STYLE = Automatic;
				DEVELOPMENT_TEAM = 8TC4W5JV38;
				INFOPLIST_FILE = Project11Tests/Info.plist;
				IPHONEOS_DEPLOYMENT_TARGET = 14.0;
				LD_RUNPATH_SEARCH_PATHS = (
					"$(inherited)",
					"@executable_path/Frameworks",
					"@loader_path/Frameworks",
				);
				PRODUCT_BUNDLE_IDENTIFIER = cho.Project11Tests;
				PRODUCT_NAME = "$(TARGET_NAME)";
				SWIFT_VERSION = 5.0;
				TARGETED_DEVICE_FAMILY = "1,2";
				TEST_HOST = "$(BUILT_PRODUCTS_DIR)/Project11.app/Project11";
			};
			name = Release;
		};
		660D5021263037BF00D877C1 /* Debug */ = {
			isa = XCBuildConfiguration;
			buildSettings = {
				ALWAYS_EMBED_SWIFT_STANDARD_LIBRARIES = YES;
				CODE_SIGN_STYLE = Automatic;
				DEVELOPMENT_TEAM = 8TC4W5JV38;
				INFOPLIST_FILE = Project11UITests/Info.plist;
				LD_RUNPATH_SEARCH_PATHS = (
					"$(inherited)",
					"@executable_path/Frameworks",
					"@loader_path/Frameworks",
				);
				PRODUCT_BUNDLE_IDENTIFIER = cho.Project11UITests;
				PRODUCT_NAME = "$(TARGET_NAME)";
				SWIFT_VERSION = 5.0;
				TARGETED_DEVICE_FAMILY = "1,2";
				TEST_TARGET_NAME = Project11;
			};
			name = Debug;
		};
		660D5022263037BF00D877C1 /* Release */ = {
			isa = XCBuildConfiguration;
			buildSettings = {
				ALWAYS_EMBED_SWIFT_STANDARD_LIBRARIES = YES;
				CODE_SIGN_STYLE = Automatic;
				DEVELOPMENT_TEAM = 8TC4W5JV38;
				INFOPLIST_FILE = Project11UITests/Info.plist;
				LD_RUNPATH_SEARCH_PATHS = (
					"$(inherited)",
					"@executable_path/Frameworks",
					"@loader_path/Frameworks",
				);
				PRODUCT_BUNDLE_IDENTIFIER = cho.Project11UITests;
				PRODUCT_NAME = "$(TARGET_NAME)";
				SWIFT_VERSION = 5.0;
				TARGETED_DEVICE_FAMILY = "1,2";
				TEST_TARGET_NAME = Project11;
			};
			name = Release;
		};
/* End XCBuildConfiguration section */

/* Begin XCConfigurationList section */
		660D4FEB263037BF00D877C1 /* Build configuration list for PBXProject "Project11" */ = {
			isa = XCConfigurationList;
			buildConfigurations = (
				660D5018263037BF00D877C1 /* Debug */,
				660D5019263037BF00D877C1 /* Release */,
			);
			defaultConfigurationIsVisible = 0;
			defaultConfigurationName = Release;
		};
		660D501A263037BF00D877C1 /* Build configuration list for PBXNativeTarget "Project11" */ = {
			isa = XCConfigurationList;
			buildConfigurations = (
				660D501B263037BF00D877C1 /* Debug */,
				660D501C263037BF00D877C1 /* Release */,
			);
			defaultConfigurationIsVisible = 0;
			defaultConfigurationName = Release;
		};
		660D501D263037BF00D877C1 /* Build configuration list for PBXNativeTarget "Project11Tests" */ = {
			isa = XCConfigurationList;
			buildConfigurations = (
				660D501E263037BF00D877C1 /* Debug */,
				660D501F263037BF00D877C1 /* Release */,
			);
			defaultConfigurationIsVisible = 0;
			defaultConfigurationName = Release;
		};
		660D5020263037BF00D877C1 /* Build configuration list for PBXNativeTarget "Project11UITests" */ = {
			isa = XCConfigurationList;
			buildConfigurations = (
				660D5021263037BF00D877C1 /* Debug */,
				660D5022263037BF00D877C1 /* Release */,
			);
			defaultConfigurationIsVisible = 0;
			defaultConfigurationName = Release;
		};
/* End XCConfigurationList section */

/* Begin XCVersionGroup section */
		660D4FFE263037BF00D877C1 /* Project11.xcdatamodeld */ = {
			isa = XCVersionGroup;
			children = (
				660D4FFF263037BF00D877C1 /* Project11.xcdatamodel */,
			);
			currentVersion = 660D4FFF263037BF00D877C1 /* Project11.xcdatamodel */;
			path = Project11.xcdatamodeld;
			sourceTree = "<group>";
			versionGroupType = wrapper.xcdatamodel;
		};
/* End XCVersionGroup section */
	};
	rootObject = 660D4FE8263037BF00D877C1 /* Project object */;
}
