// !$*UTF8*$!
{
	archiveVersion = 1;
	classes = {
	};
	objectVersion = 50;
	objects = {

/* Begin PBXBuildFile section */
		BB52725825DE6F1900CB6D6B /* StoryAppUI_PracticeApp.swift in Sources */ = {isa = PBXBuildFile; fileRef = BB52725725DE6F1900CB6D6B /* StoryAppUI_PracticeApp.swift */; };
		BB52725A25DE6F1900CB6D6B /* ContentView.swift in Sources */ = {isa = PBXBuildFile; fileRef = BB52725925DE6F1900CB6D6B /* ContentView.swift */; };
		BB52725C25DE6F1A00CB6D6B /* Assets.xcassets in Resources */ = {isa = PBXBuildFile; fileRef = BB52725B25DE6F1A00CB6D6B /* Assets.xcassets */; };
		BB52725F25DE6F1A00CB6D6B /* Preview Assets.xcassets in Resources */ = {isa = PBXBuildFile; fileRef = BB52725E25DE6F1A00CB6D6B /* Preview Assets.xcassets */; };
		BB52726A25DE6F1A00CB6D6B /* StoryAppUI_PracticeTests.swift in Sources */ = {isa = PBXBuildFile; fileRef = BB52726925DE6F1A00CB6D6B /* StoryAppUI_PracticeTests.swift */; };
		BB52727525DE6F1A00CB6D6B /* StoryAppUI_PracticeUITests.swift in Sources */ = {isa = PBXBuildFile; fileRef = BB52727425DE6F1A00CB6D6B /* StoryAppUI_PracticeUITests.swift */; };
		BB52728625DE6F4D00CB6D6B /* Home.swift in Sources */ = {isa = PBXBuildFile; fileRef = BB52728525DE6F4D00CB6D6B /* Home.swift */; };
/* End PBXBuildFile section */

/* Begin PBXContainerItemProxy section */
		BB52726625DE6F1A00CB6D6B /* PBXContainerItemProxy */ = {
			isa = PBXContainerItemProxy;
			containerPortal = BB52724C25DE6F1900CB6D6B /* Project object */;
			proxyType = 1;
			remoteGlobalIDString = BB52725325DE6F1900CB6D6B;
			remoteInfo = StoryAppUI_Practice;
		};
		BB52727125DE6F1A00CB6D6B /* PBXContainerItemProxy */ = {
			isa = PBXContainerItemProxy;
			containerPortal = BB52724C25DE6F1900CB6D6B /* Project object */;
			proxyType = 1;
			remoteGlobalIDString = BB52725325DE6F1900CB6D6B;
			remoteInfo = StoryAppUI_Practice;
		};
/* End PBXContainerItemProxy section */

/* Begin PBXFileReference section */
		BB52725425DE6F1900CB6D6B /* StoryAppUI_Practice.app */ = {isa = PBXFileReference; explicitFileType = wrapper.application; includeInIndex = 0; path = StoryAppUI_Practice.app; sourceTree = BUILT_PRODUCTS_DIR; };
		BB52725725DE6F1900CB6D6B /* StoryAppUI_PracticeApp.swift */ = {isa = PBXFileReference; lastKnownFileType = sourcecode.swift; path = StoryAppUI_PracticeApp.swift; sourceTree = "<group>"; };
		BB52725925DE6F1900CB6D6B /* ContentView.swift */ = {isa = PBXFileReference; lastKnownFileType = sourcecode.swift; path = ContentView.swift; sourceTree = "<group>"; };
		BB52725B25DE6F1A00CB6D6B /* Assets.xcassets */ = {isa = PBXFileReference; lastKnownFileType = folder.assetcatalog; path = Assets.xcassets; sourceTree = "<group>"; };
		BB52725E25DE6F1A00CB6D6B /* Preview Assets.xcassets */ = {isa = PBXFileReference; lastKnownFileType = folder.assetcatalog; path = "Preview Assets.xcassets"; sourceTree = "<group>"; };
		BB52726025DE6F1A00CB6D6B /* Info.plist */ = {isa = PBXFileReference; lastKnownFileType = text.plist.xml; path = Info.plist; sourceTree = "<group>"; };
		BB52726525DE6F1A00CB6D6B /* StoryAppUI_PracticeTests.xctest */ = {isa = PBXFileReference; explicitFileType = wrapper.cfbundle; includeInIndex = 0; path = StoryAppUI_PracticeTests.xctest; sourceTree = BUILT_PRODUCTS_DIR; };
		BB52726925DE6F1A00CB6D6B /* StoryAppUI_PracticeTests.swift */ = {isa = PBXFileReference; lastKnownFileType = sourcecode.swift; path = StoryAppUI_PracticeTests.swift; sourceTree = "<group>"; };
		BB52726B25DE6F1A00CB6D6B /* Info.plist */ = {isa = PBXFileReference; lastKnownFileType = text.plist.xml; path = Info.plist; sourceTree = "<group>"; };
		BB52727025DE6F1A00CB6D6B /* StoryAppUI_PracticeUITests.xctest */ = {isa = PBXFileReference; explicitFileType = wrapper.cfbundle; includeInIndex = 0; path = StoryAppUI_PracticeUITests.xctest; sourceTree = BUILT_PRODUCTS_DIR; };
		BB52727425DE6F1A00CB6D6B /* StoryAppUI_PracticeUITests.swift */ = {isa = PBXFileReference; lastKnownFileType = sourcecode.swift; path = StoryAppUI_PracticeUITests.swift; sourceTree = "<group>"; };
		BB52727625DE6F1A00CB6D6B /* Info.plist */ = {isa = PBXFileReference; lastKnownFileType = text.plist.xml; path = Info.plist; sourceTree = "<group>"; };
		BB52728525DE6F4D00CB6D6B /* Home.swift */ = {isa = PBXFileReference; lastKnownFileType = sourcecode.swift; path = Home.swift; sourceTree = "<group>"; };
/* End PBXFileReference section */

/* Begin PBXFrameworksBuildPhase section */
		BB52725125DE6F1900CB6D6B /* Frameworks */ = {
			isa = PBXFrameworksBuildPhase;
			buildActionMask = 2147483647;
			files = (
			);
			runOnlyForDeploymentPostprocessing = 0;
		};
		BB52726225DE6F1A00CB6D6B /* Frameworks */ = {
			isa = PBXFrameworksBuildPhase;
			buildActionMask = 2147483647;
			files = (
			);
			runOnlyForDeploymentPostprocessing = 0;
		};
		BB52726D25DE6F1A00CB6D6B /* Frameworks */ = {
			isa = PBXFrameworksBuildPhase;
			buildActionMask = 2147483647;
			files = (
			);
			runOnlyForDeploymentPostprocessing = 0;
		};
/* End PBXFrameworksBuildPhase section */

/* Begin PBXGroup section */
		BB52724B25DE6F1900CB6D6B = {
			isa = PBXGroup;
			children = (
				BB52725625DE6F1900CB6D6B /* StoryAppUI_Practice */,
				BB52726825DE6F1A00CB6D6B /* StoryAppUI_PracticeTests */,
				BB52727325DE6F1A00CB6D6B /* StoryAppUI_PracticeUITests */,
				BB52725525DE6F1900CB6D6B /* Products */,
			);
			sourceTree = "<group>";
		};
		BB52725525DE6F1900CB6D6B /* Products */ = {
			isa = PBXGroup;
			children = (
				BB52725425DE6F1900CB6D6B /* StoryAppUI_Practice.app */,
				BB52726525DE6F1A00CB6D6B /* StoryAppUI_PracticeTests.xctest */,
				BB52727025DE6F1A00CB6D6B /* StoryAppUI_PracticeUITests.xctest */,
			);
			name = Products;
			sourceTree = "<group>";
		};
		BB52725625DE6F1900CB6D6B /* StoryAppUI_Practice */ = {
			isa = PBXGroup;
			children = (
				BB52725725DE6F1900CB6D6B /* StoryAppUI_PracticeApp.swift */,
				BB52725925DE6F1900CB6D6B /* ContentView.swift */,
				BB52728525DE6F4D00CB6D6B /* Home.swift */,
				BB52725B25DE6F1A00CB6D6B /* Assets.xcassets */,
				BB52726025DE6F1A00CB6D6B /* Info.plist */,
				BB52725D25DE6F1A00CB6D6B /* Preview Content */,
			);
			path = StoryAppUI_Practice;
			sourceTree = "<group>";
		};
		BB52725D25DE6F1A00CB6D6B /* Preview Content */ = {
			isa = PBXGroup;
			children = (
				BB52725E25DE6F1A00CB6D6B /* Preview Assets.xcassets */,
			);
			path = "Preview Content";
			sourceTree = "<group>";
		};
		BB52726825DE6F1A00CB6D6B /* StoryAppUI_PracticeTests */ = {
			isa = PBXGroup;
			children = (
				BB52726925DE6F1A00CB6D6B /* StoryAppUI_PracticeTests.swift */,
				BB52726B25DE6F1A00CB6D6B /* Info.plist */,
			);
			path = StoryAppUI_PracticeTests;
			sourceTree = "<group>";
		};
		BB52727325DE6F1A00CB6D6B /* StoryAppUI_PracticeUITests */ = {
			isa = PBXGroup;
			children = (
				BB52727425DE6F1A00CB6D6B /* StoryAppUI_PracticeUITests.swift */,
				BB52727625DE6F1A00CB6D6B /* Info.plist */,
			);
			path = StoryAppUI_PracticeUITests;
			sourceTree = "<group>";
		};
/* End PBXGroup section */

/* Begin PBXNativeTarget section */
		BB52725325DE6F1900CB6D6B /* StoryAppUI_Practice */ = {
			isa = PBXNativeTarget;
			buildConfigurationList = BB52727925DE6F1A00CB6D6B /* Build configuration list for PBXNativeTarget "StoryAppUI_Practice" */;
			buildPhases = (
				BB52725025DE6F1900CB6D6B /* Sources */,
				BB52725125DE6F1900CB6D6B /* Frameworks */,
				BB52725225DE6F1900CB6D6B /* Resources */,
			);
			buildRules = (
			);
			dependencies = (
			);
			name = StoryAppUI_Practice;
			productName = StoryAppUI_Practice;
			productReference = BB52725425DE6F1900CB6D6B /* StoryAppUI_Practice.app */;
			productType = "com.apple.product-type.application";
		};
		BB52726425DE6F1A00CB6D6B /* StoryAppUI_PracticeTests */ = {
			isa = PBXNativeTarget;
			buildConfigurationList = BB52727C25DE6F1A00CB6D6B /* Build configuration list for PBXNativeTarget "StoryAppUI_PracticeTests" */;
			buildPhases = (
				BB52726125DE6F1A00CB6D6B /* Sources */,
				BB52726225DE6F1A00CB6D6B /* Frameworks */,
				BB52726325DE6F1A00CB6D6B /* Resources */,
			);
			buildRules = (
			);
			dependencies = (
				BB52726725DE6F1A00CB6D6B /* PBXTargetDependency */,
			);
			name = StoryAppUI_PracticeTests;
			productName = StoryAppUI_PracticeTests;
			productReference = BB52726525DE6F1A00CB6D6B /* StoryAppUI_PracticeTests.xctest */;
			productType = "com.apple.product-type.bundle.unit-test";
		};
		BB52726F25DE6F1A00CB6D6B /* StoryAppUI_PracticeUITests */ = {
			isa = PBXNativeTarget;
			buildConfigurationList = BB52727F25DE6F1A00CB6D6B /* Build configuration list for PBXNativeTarget "StoryAppUI_PracticeUITests" */;
			buildPhases = (
				BB52726C25DE6F1A00CB6D6B /* Sources */,
				BB52726D25DE6F1A00CB6D6B /* Frameworks */,
				BB52726E25DE6F1A00CB6D6B /* Resources */,
			);
			buildRules = (
			);
			dependencies = (
				BB52727225DE6F1A00CB6D6B /* PBXTargetDependency */,
			);
			name = StoryAppUI_PracticeUITests;
			productName = StoryAppUI_PracticeUITests;
			productReference = BB52727025DE6F1A00CB6D6B /* StoryAppUI_PracticeUITests.xctest */;
			productType = "com.apple.product-type.bundle.ui-testing";
		};
/* End PBXNativeTarget section */

/* Begin PBXProject section */
		BB52724C25DE6F1900CB6D6B /* Project object */ = {
			isa = PBXProject;
			attributes = {
				LastSwiftUpdateCheck = 1240;
				LastUpgradeCheck = 1240;
				TargetAttributes = {
					BB52725325DE6F1900CB6D6B = {
						CreatedOnToolsVersion = 12.4;
					};
					BB52726425DE6F1A00CB6D6B = {
						CreatedOnToolsVersion = 12.4;
						TestTargetID = BB52725325DE6F1900CB6D6B;
					};
					BB52726F25DE6F1A00CB6D6B = {
						CreatedOnToolsVersion = 12.4;
						TestTargetID = BB52725325DE6F1900CB6D6B;
					};
				};
			};
			buildConfigurationList = BB52724F25DE6F1900CB6D6B /* Build configuration list for PBXProject "StoryAppUI_Practice" */;
			compatibilityVersion = "Xcode 9.3";
			developmentRegion = en;
			hasScannedForEncodings = 0;
			knownRegions = (
				en,
				Base,
			);
			mainGroup = BB52724B25DE6F1900CB6D6B;
			productRefGroup = BB52725525DE6F1900CB6D6B /* Products */;
			projectDirPath = "";
			projectRoot = "";
			targets = (
				BB52725325DE6F1900CB6D6B /* StoryAppUI_Practice */,
				BB52726425DE6F1A00CB6D6B /* StoryAppUI_PracticeTests */,
				BB52726F25DE6F1A00CB6D6B /* StoryAppUI_PracticeUITests */,
			);
		};
/* End PBXProject section */

/* Begin PBXResourcesBuildPhase section */
		BB52725225DE6F1900CB6D6B /* Resources */ = {
			isa = PBXResourcesBuildPhase;
			buildActionMask = 2147483647;
			files = (
				BB52725F25DE6F1A00CB6D6B /* Preview Assets.xcassets in Resources */,
				BB52725C25DE6F1A00CB6D6B /* Assets.xcassets in Resources */,
			);
			runOnlyForDeploymentPostprocessing = 0;
		};
		BB52726325DE6F1A00CB6D6B /* Resources */ = {
			isa = PBXResourcesBuildPhase;
			buildActionMask = 2147483647;
			files = (
			);
			runOnlyForDeploymentPostprocessing = 0;
		};
		BB52726E25DE6F1A00CB6D6B /* Resources */ = {
			isa = PBXResourcesBuildPhase;
			buildActionMask = 2147483647;
			files = (
			);
			runOnlyForDeploymentPostprocessing = 0;
		};
/* End PBXResourcesBuildPhase section */

/* Begin PBXSourcesBuildPhase section */
		BB52725025DE6F1900CB6D6B /* Sources */ = {
			isa = PBXSourcesBuildPhase;
			buildActionMask = 2147483647;
			files = (
				BB52725A25DE6F1900CB6D6B /* ContentView.swift in Sources */,
				BB52728625DE6F4D00CB6D6B /* Home.swift in Sources */,
				BB52725825DE6F1900CB6D6B /* StoryAppUI_PracticeApp.swift in Sources */,
			);
			runOnlyForDeploymentPostprocessing = 0;
		};
		BB52726125DE6F1A00CB6D6B /* Sources */ = {
			isa = PBXSourcesBuildPhase;
			buildActionMask = 2147483647;
			files = (
				BB52726A25DE6F1A00CB6D6B /* StoryAppUI_PracticeTests.swift in Sources */,
			);
			runOnlyForDeploymentPostprocessing = 0;
		};
		BB52726C25DE6F1A00CB6D6B /* Sources */ = {
			isa = PBXSourcesBuildPhase;
			buildActionMask = 2147483647;
			files = (
				BB52727525DE6F1A00CB6D6B /* StoryAppUI_PracticeUITests.swift in Sources */,
			);
			runOnlyForDeploymentPostprocessing = 0;
		};
/* End PBXSourcesBuildPhase section */

/* Begin PBXTargetDependency section */
		BB52726725DE6F1A00CB6D6B /* PBXTargetDependency */ = {
			isa = PBXTargetDependency;
			target = BB52725325DE6F1900CB6D6B /* StoryAppUI_Practice */;
			targetProxy = BB52726625DE6F1A00CB6D6B /* PBXContainerItemProxy */;
		};
		BB52727225DE6F1A00CB6D6B /* PBXTargetDependency */ = {
			isa = PBXTargetDependency;
			target = BB52725325DE6F1900CB6D6B /* StoryAppUI_Practice */;
			targetProxy = BB52727125DE6F1A00CB6D6B /* PBXContainerItemProxy */;
		};
/* End PBXTargetDependency section */

/* Begin XCBuildConfiguration section */
		BB52727725DE6F1A00CB6D6B /* Debug */ = {
			isa = XCBuildConfiguration;
			buildSettings = {
				ALWAYS_SEARCH_USER_PATHS = NO;
				CLANG_ANALYZER_NONNULL = YES;
				CLANG_ANALYZER_NUMBER_OBJECT_CONVERSION = YES_AGGRESSIVE;
				CLANG_CXX_LANGUAGE_STANDARD = "gnu++14";
				CLANG_CXX_LIBRARY = "libc++";
				CLANG_ENABLE_MODULES = YES;
				CLANG_ENABLE_OBJC_ARC = YES;
				CLANG_ENABLE_OBJC_WEAK = YES;
				CLANG_WARN_BLOCK_CAPTURE_AUTORELEASING = YES;
				CLANG_WARN_BOOL_CONVERSION = YES;
				CLANG_WARN_COMMA = YES;
				CLANG_WARN_CONSTANT_CONVERSION = YES;
				CLANG_WARN_DEPRECATED_OBJC_IMPLEMENTATIONS = YES;
				CLANG_WARN_DIRECT_OBJC_ISA_USAGE = YES_ERROR;
				CLANG_WARN_DOCUMENTATION_COMMENTS = YES;
				CLANG_WARN_EMPTY_BODY = YES;
				CLANG_WARN_ENUM_CONVERSION = YES;
				CLANG_WARN_INFINITE_RECURSION = YES;
				CLANG_WARN_INT_CONVERSION = YES;
				CLANG_WARN_NON_LITERAL_NULL_CONVERSION = YES;
				CLANG_WARN_OBJC_IMPLICIT_RETAIN_SELF = YES;
				CLANG_WARN_OBJC_LITERAL_CONVERSION = YES;
				CLANG_WARN_OBJC_ROOT_CLASS = YES_ERROR;
				CLANG_WARN_QUOTED_INCLUDE_IN_FRAMEWORK_HEADER = YES;
				CLANG_WARN_RANGE_LOOP_ANALYSIS = YES;
				CLANG_WARN_STRICT_PROTOTYPES = YES;
				CLANG_WARN_SUSPICIOUS_MOVE = YES;
				CLANG_WARN_UNGUARDED_AVAILABILITY = YES_AGGRESSIVE;
				CLANG_WARN_UNREACHABLE_CODE = YES;
				CLANG_WARN__DUPLICATE_METHOD_MATCH = YES;
				COPY_PHASE_STRIP = NO;
				DEBUG_INFORMATION_FORMAT = dwarf;
				ENABLE_STRICT_OBJC_MSGSEND = YES;
				ENABLE_TESTABILITY = YES;
				GCC_C_LANGUAGE_STANDARD = gnu11;
				GCC_DYNAMIC_NO_PIC = NO;
				GCC_NO_COMMON_BLOCKS = YES;
				GCC_OPTIMIZATION_LEVEL = 0;
				GCC_PREPROCESSOR_DEFINITIONS = (
					"DEBUG=1",
					"$(inherited)",
				);
				GCC_WARN_64_TO_32_BIT_CONVERSION = YES;
				GCC_WARN_ABOUT_RETURN_TYPE = YES_ERROR;
				GCC_WARN_UNDECLARED_SELECTOR = YES;
				GCC_WARN_UNINITIALIZED_AUTOS = YES_AGGRESSIVE;
				GCC_WARN_UNUSED_FUNCTION = YES;
				GCC_WARN_UNUSED_VARIABLE = YES;
				IPHONEOS_DEPLOYMENT_TARGET = 14.4;
				MTL_ENABLE_DEBUG_INFO = INCLUDE_SOURCE;
				MTL_FAST_MATH = YES;
				ONLY_ACTIVE_ARCH = YES;
				SDKROOT = iphoneos;
				SWIFT_ACTIVE_COMPILATION_CONDITIONS = DEBUG;
				SWIFT_OPTIMIZATION_LEVEL = "-Onone";
			};
			name = Debug;
		};
		BB52727825DE6F1A00CB6D6B /* Release */ = {
			isa = XCBuildConfiguration;
			buildSettings = {
				ALWAYS_SEARCH_USER_PATHS = NO;
				CLANG_ANALYZER_NONNULL = YES;
				CLANG_ANALYZER_NUMBER_OBJECT_CONVERSION = YES_AGGRESSIVE;
				CLANG_CXX_LANGUAGE_STANDARD = "gnu++14";
				CLANG_CXX_LIBRARY = "libc++";
				CLANG_ENABLE_MODULES = YES;
				CLANG_ENABLE_OBJC_ARC = YES;
				CLANG_ENABLE_OBJC_WEAK = YES;
				CLANG_WARN_BLOCK_CAPTURE_AUTORELEASING = YES;
				CLANG_WARN_BOOL_CONVERSION = YES;
				CLANG_WARN_COMMA = YES;
				CLANG_WARN_CONSTANT_CONVERSION = YES;
				CLANG_WARN_DEPRECATED_OBJC_IMPLEMENTATIONS = YES;
				CLANG_WARN_DIRECT_OBJC_ISA_USAGE = YES_ERROR;
				CLANG_WARN_DOCUMENTATION_COMMENTS = YES;
				CLANG_WARN_EMPTY_BODY = YES;
				CLANG_WARN_ENUM_CONVERSION = YES;
				CLANG_WARN_INFINITE_RECURSION = YES;
				CLANG_WARN_INT_CONVERSION = YES;
				CLANG_WARN_NON_LITERAL_NULL_CONVERSION = YES;
				CLANG_WARN_OBJC_IMPLICIT_RETAIN_SELF = YES;
				CLANG_WARN_OBJC_LITERAL_CONVERSION = YES;
				CLANG_WARN_OBJC_ROOT_CLASS = YES_ERROR;
				CLANG_WARN_QUOTED_INCLUDE_IN_FRAMEWORK_HEADER = YES;
				CLANG_WARN_RANGE_LOOP_ANALYSIS = YES;
				CLANG_WARN_STRICT_PROTOTYPES = YES;
				CLANG_WARN_SUSPICIOUS_MOVE = YES;
				CLANG_WARN_UNGUARDED_AVAILABILITY = YES_AGGRESSIVE;
				CLANG_WARN_UNREACHABLE_CODE = YES;
				CLANG_WARN__DUPLICATE_METHOD_MATCH = YES;
				COPY_PHASE_STRIP = NO;
				DEBUG_INFORMATION_FORMAT = "dwarf-with-dsym";
				ENABLE_NS_ASSERTIONS = NO;
				ENABLE_STRICT_OBJC_MSGSEND = YES;
				GCC_C_LANGUAGE_STANDARD = gnu11;
				GCC_NO_COMMON_BLOCKS = YES;
				GCC_WARN_64_TO_32_BIT_CONVERSION = YES;
				GCC_WARN_ABOUT_RETURN_TYPE = YES_ERROR;
				GCC_WARN_UNDECLARED_SELECTOR = YES;
				GCC_WARN_UNINITIALIZED_AUTOS = YES_AGGRESSIVE;
				GCC_WARN_UNUSED_FUNCTION = YES;
				GCC_WARN_UNUSED_VARIABLE = YES;
				IPHONEOS_DEPLOYMENT_TARGET = 14.4;
				MTL_ENABLE_DEBUG_INFO = NO;
				MTL_FAST_MATH = YES;
				SDKROOT = iphoneos;
				SWIFT_COMPILATION_MODE = wholemodule;
				SWIFT_OPTIMIZATION_LEVEL = "-O";
				VALIDATE_PRODUCT = YES;
			};
			name = Release;
		};
		BB52727A25DE6F1A00CB6D6B /* Debug */ = {
			isa = XCBuildConfiguration;
			buildSettings = {
				ASSETCATALOG_COMPILER_APPICON_NAME = AppIcon;
				ASSETCATALOG_COMPILER_GLOBAL_ACCENT_COLOR_NAME = AccentColor;
				CODE_SIGN_STYLE = Automatic;
				DEVELOPMENT_ASSET_PATHS = "\"StoryAppUI_Practice/Preview Content\"";
				DEVELOPMENT_TEAM = 8TC4W5JV38;
				ENABLE_PREVIEWS = YES;
				INFOPLIST_FILE = StoryAppUI_Practice/Info.plist;
				IPHONEOS_DEPLOYMENT_TARGET = 14.0;
				LD_RUNPATH_SEARCH_PATHS = (
					"$(inherited)",
					"@executable_path/Frameworks",
				);
				PRODUCT_BUNDLE_IDENTIFIER = "cho.StoryAppUI-Practice";
				PRODUCT_NAME = "$(TARGET_NAME)";
				SWIFT_VERSION = 5.0;
				TARGETED_DEVICE_FAMILY = "1,2";
			};
			name = Debug;
		};
		BB52727B25DE6F1A00CB6D6B /* Release */ = {
			isa = XCBuildConfiguration;
			buildSettings = {
				ASSETCATALOG_COMPILER_APPICON_NAME = AppIcon;
				ASSETCATALOG_COMPILER_GLOBAL_ACCENT_COLOR_NAME = AccentColor;
				CODE_SIGN_STYLE = Automatic;
				DEVELOPMENT_ASSET_PATHS = "\"StoryAppUI_Practice/Preview Content\"";
				DEVELOPMENT_TEAM = 8TC4W5JV38;
				ENABLE_PREVIEWS = YES;
				INFOPLIST_FILE = StoryAppUI_Practice/Info.plist;
				IPHONEOS_DEPLOYMENT_TARGET = 14.0;
				LD_RUNPATH_SEARCH_PATHS = (
					"$(inherited)",
					"@executable_path/Frameworks",
				);
				PRODUCT_BUNDLE_IDENTIFIER = "cho.StoryAppUI-Practice";
				PRODUCT_NAME = "$(TARGET_NAME)";
				SWIFT_VERSION = 5.0;
				TARGETED_DEVICE_FAMILY = "1,2";
			};
			name = Release;
		};
		BB52727D25DE6F1A00CB6D6B /* Debug */ = {
			isa = XCBuildConfiguration;
			buildSettings = {
				ALWAYS_EMBED_SWIFT_STANDARD_LIBRARIES = YES;
				BUNDLE_LOADER = "$(TEST_HOST)";
				CODE_SIGN_STYLE = Automatic;
				DEVELOPMENT_TEAM = 8TC4W5JV38;
				INFOPLIST_FILE = StoryAppUI_PracticeTests/Info.plist;
				IPHONEOS_DEPLOYMENT_TARGET = 14.0;
				LD_RUNPATH_SEARCH_PATHS = (
					"$(inherited)",
					"@executable_path/Frameworks",
					"@loader_path/Frameworks",
				);
				PRODUCT_BUNDLE_IDENTIFIER = "cho.StoryAppUI-PracticeTests";
				PRODUCT_NAME = "$(TARGET_NAME)";
				SWIFT_VERSION = 5.0;
				TARGETED_DEVICE_FAMILY = "1,2";
				TEST_HOST = "$(BUILT_PRODUCTS_DIR)/StoryAppUI_Practice.app/StoryAppUI_Practice";
			};
			name = Debug;
		};
		BB52727E25DE6F1A00CB6D6B /* Release */ = {
			isa = XCBuildConfiguration;
			buildSettings = {
				ALWAYS_EMBED_SWIFT_STANDARD_LIBRARIES = YES;
				BUNDLE_LOADER = "$(TEST_HOST)";
				CODE_SIGN_STYLE = Automatic;
				DEVELOPMENT_TEAM = 8TC4W5JV38;
				INFOPLIST_FILE = StoryAppUI_PracticeTests/Info.plist;
				IPHONEOS_DEPLOYMENT_TARGET = 14.0;
				LD_RUNPATH_SEARCH_PATHS = (
					"$(inherited)",
					"@executable_path/Frameworks",
					"@loader_path/Frameworks",
				);
				PRODUCT_BUNDLE_IDENTIFIER = "cho.StoryAppUI-PracticeTests";
				PRODUCT_NAME = "$(TARGET_NAME)";
				SWIFT_VERSION = 5.0;
				TARGETED_DEVICE_FAMILY = "1,2";
				TEST_HOST = "$(BUILT_PRODUCTS_DIR)/StoryAppUI_Practice.app/StoryAppUI_Practice";
			};
			name = Release;
		};
		BB52728025DE6F1A00CB6D6B /* Debug */ = {
			isa = XCBuildConfiguration;
			buildSettings = {
				ALWAYS_EMBED_SWIFT_STANDARD_LIBRARIES = YES;
				CODE_SIGN_STYLE = Automatic;
				DEVELOPMENT_TEAM = 8TC4W5JV38;
				INFOPLIST_FILE = StoryAppUI_PracticeUITests/Info.plist;
				LD_RUNPATH_SEARCH_PATHS = (
					"$(inherited)",
					"@executable_path/Frameworks",
					"@loader_path/Frameworks",
				);
				PRODUCT_BUNDLE_IDENTIFIER = "cho.StoryAppUI-PracticeUITests";
				PRODUCT_NAME = "$(TARGET_NAME)";
				SWIFT_VERSION = 5.0;
				TARGETED_DEVICE_FAMILY = "1,2";
				TEST_TARGET_NAME = StoryAppUI_Practice;
			};
			name = Debug;
		};
		BB52728125DE6F1A00CB6D6B /* Release */ = {
			isa = XCBuildConfiguration;
			buildSettings = {
				ALWAYS_EMBED_SWIFT_STANDARD_LIBRARIES = YES;
				CODE_SIGN_STYLE = Automatic;
				DEVELOPMENT_TEAM = 8TC4W5JV38;
				INFOPLIST_FILE = StoryAppUI_PracticeUITests/Info.plist;
				LD_RUNPATH_SEARCH_PATHS = (
					"$(inherited)",
					"@executable_path/Frameworks",
					"@loader_path/Frameworks",
				);
				PRODUCT_BUNDLE_IDENTIFIER = "cho.StoryAppUI-PracticeUITests";
				PRODUCT_NAME = "$(TARGET_NAME)";
				SWIFT_VERSION = 5.0;
				TARGETED_DEVICE_FAMILY = "1,2";
				TEST_TARGET_NAME = StoryAppUI_Practice;
			};
			name = Release;
		};
/* End XCBuildConfiguration section */

/* Begin XCConfigurationList section */
		BB52724F25DE6F1900CB6D6B /* Build configuration list for PBXProject "StoryAppUI_Practice" */ = {
			isa = XCConfigurationList;
			buildConfigurations = (
				BB52727725DE6F1A00CB6D6B /* Debug */,
				BB52727825DE6F1A00CB6D6B /* Release */,
			);
			defaultConfigurationIsVisible = 0;
			defaultConfigurationName = Release;
		};
		BB52727925DE6F1A00CB6D6B /* Build configuration list for PBXNativeTarget "StoryAppUI_Practice" */ = {
			isa = XCConfigurationList;
			buildConfigurations = (
				BB52727A25DE6F1A00CB6D6B /* Debug */,
				BB52727B25DE6F1A00CB6D6B /* Release */,
			);
			defaultConfigurationIsVisible = 0;
			defaultConfigurationName = Release;
		};
		BB52727C25DE6F1A00CB6D6B /* Build configuration list for PBXNativeTarget "StoryAppUI_PracticeTests" */ = {
			isa = XCConfigurationList;
			buildConfigurations = (
				BB52727D25DE6F1A00CB6D6B /* Debug */,
				BB52727E25DE6F1A00CB6D6B /* Release */,
			);
			defaultConfigurationIsVisible = 0;
			defaultConfigurationName = Release;
		};
		BB52727F25DE6F1A00CB6D6B /* Build configuration list for PBXNativeTarget "StoryAppUI_PracticeUITests" */ = {
			isa = XCConfigurationList;
			buildConfigurations = (
				BB52728025DE6F1A00CB6D6B /* Debug */,
				BB52728125DE6F1A00CB6D6B /* Release */,
			);
			defaultConfigurationIsVisible = 0;
			defaultConfigurationName = Release;
		};
/* End XCConfigurationList section */
	};
	rootObject = BB52724C25DE6F1900CB6D6B /* Project object */;
}
