// !$*UTF8*$!
{
	archiveVersion = 1;
	classes = {
	};
	objectVersion = 50;
	objects = {

/* Begin PBXBuildFile section */
		5DE49C4024CED97C00F83403 /* AppDelegate.swift in Sources */ = {isa = PBXBuildFile; fileRef = 5DE49C3F24CED97C00F83403 /* AppDelegate.swift */; };
		5DE49C4224CED97C00F83403 /* SceneDelegate.swift in Sources */ = {isa = PBXBuildFile; fileRef = 5DE49C4124CED97C00F83403 /* SceneDelegate.swift */; };
		5DE49C4524CED97C00F83403 /* UsingCameraRollPractice.xcdatamodeld in Sources */ = {isa = PBXBuildFile; fileRef = 5DE49C4324CED97C00F83403 /* UsingCameraRollPractice.xcdatamodeld */; };
		5DE49C4724CED97C00F83403 /* ContentView.swift in Sources */ = {isa = PBXBuildFile; fileRef = 5DE49C4624CED97C00F83403 /* ContentView.swift */; };
		5DE49C4924CED97F00F83403 /* Assets.xcassets in Resources */ = {isa = PBXBuildFile; fileRef = 5DE49C4824CED97F00F83403 /* Assets.xcassets */; };
		5DE49C4C24CED97F00F83403 /* Preview Assets.xcassets in Resources */ = {isa = PBXBuildFile; fileRef = 5DE49C4B24CED97F00F83403 /* Preview Assets.xcassets */; };
		5DE49C4F24CED97F00F83403 /* LaunchScreen.storyboard in Resources */ = {isa = PBXBuildFile; fileRef = 5DE49C4D24CED97F00F83403 /* LaunchScreen.storyboard */; };
		5DE49C5A24CED97F00F83403 /* UsingCameraRollPracticeTests.swift in Sources */ = {isa = PBXBuildFile; fileRef = 5DE49C5924CED97F00F83403 /* UsingCameraRollPracticeTests.swift */; };
		5DE49C6524CED97F00F83403 /* UsingCameraRollPracticeUITests.swift in Sources */ = {isa = PBXBuildFile; fileRef = 5DE49C6424CED97F00F83403 /* UsingCameraRollPracticeUITests.swift */; };
		5DE49C7324CED9C800F83403 /* UsingCamera.swift in Sources */ = {isa = PBXBuildFile; fileRef = 5DE49C7224CED9C800F83403 /* UsingCamera.swift */; };
/* End PBXBuildFile section */

/* Begin PBXContainerItemProxy section */
		5DE49C5624CED97F00F83403 /* PBXContainerItemProxy */ = {
			isa = PBXContainerItemProxy;
			containerPortal = 5DE49C3424CED97C00F83403 /* Project object */;
			proxyType = 1;
			remoteGlobalIDString = 5DE49C3B24CED97C00F83403;
			remoteInfo = UsingCameraRollPractice;
		};
		5DE49C6124CED97F00F83403 /* PBXContainerItemProxy */ = {
			isa = PBXContainerItemProxy;
			containerPortal = 5DE49C3424CED97C00F83403 /* Project object */;
			proxyType = 1;
			remoteGlobalIDString = 5DE49C3B24CED97C00F83403;
			remoteInfo = UsingCameraRollPractice;
		};
/* End PBXContainerItemProxy section */

/* Begin PBXFileReference section */
		5DE49C3C24CED97C00F83403 /* UsingCameraRollPractice.app */ = {isa = PBXFileReference; explicitFileType = wrapper.application; includeInIndex = 0; path = UsingCameraRollPractice.app; sourceTree = BUILT_PRODUCTS_DIR; };
		5DE49C3F24CED97C00F83403 /* AppDelegate.swift */ = {isa = PBXFileReference; lastKnownFileType = sourcecode.swift; path = AppDelegate.swift; sourceTree = "<group>"; };
		5DE49C4124CED97C00F83403 /* SceneDelegate.swift */ = {isa = PBXFileReference; lastKnownFileType = sourcecode.swift; path = SceneDelegate.swift; sourceTree = "<group>"; };
		5DE49C4424CED97C00F83403 /* UsingCameraRollPractice.xcdatamodel */ = {isa = PBXFileReference; lastKnownFileType = wrapper.xcdatamodel; path = UsingCameraRollPractice.xcdatamodel; sourceTree = "<group>"; };
		5DE49C4624CED97C00F83403 /* ContentView.swift */ = {isa = PBXFileReference; lastKnownFileType = sourcecode.swift; path = ContentView.swift; sourceTree = "<group>"; };
		5DE49C4824CED97F00F83403 /* Assets.xcassets */ = {isa = PBXFileReference; lastKnownFileType = folder.assetcatalog; path = Assets.xcassets; sourceTree = "<group>"; };
		5DE49C4B24CED97F00F83403 /* Preview Assets.xcassets */ = {isa = PBXFileReference; lastKnownFileType = folder.assetcatalog; path = "Preview Assets.xcassets"; sourceTree = "<group>"; };
		5DE49C4E24CED97F00F83403 /* Base */ = {isa = PBXFileReference; lastKnownFileType = file.storyboard; name = Base; path = Base.lproj/LaunchScreen.storyboard; sourceTree = "<group>"; };
		5DE49C5024CED97F00F83403 /* Info.plist */ = {isa = PBXFileReference; lastKnownFileType = text.plist.xml; path = Info.plist; sourceTree = "<group>"; };
		5DE49C5524CED97F00F83403 /* UsingCameraRollPracticeTests.xctest */ = {isa = PBXFileReference; explicitFileType = wrapper.cfbundle; includeInIndex = 0; path = UsingCameraRollPracticeTests.xctest; sourceTree = BUILT_PRODUCTS_DIR; };
		5DE49C5924CED97F00F83403 /* UsingCameraRollPracticeTests.swift */ = {isa = PBXFileReference; lastKnownFileType = sourcecode.swift; path = UsingCameraRollPracticeTests.swift; sourceTree = "<group>"; };
		5DE49C5B24CED97F00F83403 /* Info.plist */ = {isa = PBXFileReference; lastKnownFileType = text.plist.xml; path = Info.plist; sourceTree = "<group>"; };
		5DE49C6024CED97F00F83403 /* UsingCameraRollPracticeUITests.xctest */ = {isa = PBXFileReference; explicitFileType = wrapper.cfbundle; includeInIndex = 0; path = UsingCameraRollPracticeUITests.xctest; sourceTree = BUILT_PRODUCTS_DIR; };
		5DE49C6424CED97F00F83403 /* UsingCameraRollPracticeUITests.swift */ = {isa = PBXFileReference; lastKnownFileType = sourcecode.swift; path = UsingCameraRollPracticeUITests.swift; sourceTree = "<group>"; };
		5DE49C6624CED97F00F83403 /* Info.plist */ = {isa = PBXFileReference; lastKnownFileType = text.plist.xml; path = Info.plist; sourceTree = "<group>"; };
		5DE49C7224CED9C800F83403 /* UsingCamera.swift */ = {isa = PBXFileReference; lastKnownFileType = sourcecode.swift; path = UsingCamera.swift; sourceTree = "<group>"; };
/* End PBXFileReference section */

/* Begin PBXFrameworksBuildPhase section */
		5DE49C3924CED97C00F83403 /* Frameworks */ = {
			isa = PBXFrameworksBuildPhase;
			buildActionMask = 2147483647;
			files = (
			);
			runOnlyForDeploymentPostprocessing = 0;
		};
		5DE49C5224CED97F00F83403 /* Frameworks */ = {
			isa = PBXFrameworksBuildPhase;
			buildActionMask = 2147483647;
			files = (
			);
			runOnlyForDeploymentPostprocessing = 0;
		};
		5DE49C5D24CED97F00F83403 /* Frameworks */ = {
			isa = PBXFrameworksBuildPhase;
			buildActionMask = 2147483647;
			files = (
			);
			runOnlyForDeploymentPostprocessing = 0;
		};
/* End PBXFrameworksBuildPhase section */

/* Begin PBXGroup section */
		5DE49C3324CED97C00F83403 = {
			isa = PBXGroup;
			children = (
				5DE49C3E24CED97C00F83403 /* UsingCameraRollPractice */,
				5DE49C5824CED97F00F83403 /* UsingCameraRollPracticeTests */,
				5DE49C6324CED97F00F83403 /* UsingCameraRollPracticeUITests */,
				5DE49C3D24CED97C00F83403 /* Products */,
			);
			sourceTree = "<group>";
		};
		5DE49C3D24CED97C00F83403 /* Products */ = {
			isa = PBXGroup;
			children = (
				5DE49C3C24CED97C00F83403 /* UsingCameraRollPractice.app */,
				5DE49C5524CED97F00F83403 /* UsingCameraRollPracticeTests.xctest */,
				5DE49C6024CED97F00F83403 /* UsingCameraRollPracticeUITests.xctest */,
			);
			name = Products;
			sourceTree = "<group>";
		};
		5DE49C3E24CED97C00F83403 /* UsingCameraRollPractice */ = {
			isa = PBXGroup;
			children = (
				5DE49C3F24CED97C00F83403 /* AppDelegate.swift */,
				5DE49C4124CED97C00F83403 /* SceneDelegate.swift */,
				5DE49C7224CED9C800F83403 /* UsingCamera.swift */,
				5DE49C4624CED97C00F83403 /* ContentView.swift */,
				5DE49C4824CED97F00F83403 /* Assets.xcassets */,
				5DE49C4D24CED97F00F83403 /* LaunchScreen.storyboard */,
				5DE49C5024CED97F00F83403 /* Info.plist */,
				5DE49C4324CED97C00F83403 /* UsingCameraRollPractice.xcdatamodeld */,
				5DE49C4A24CED97F00F83403 /* Preview Content */,
			);
			path = UsingCameraRollPractice;
			sourceTree = "<group>";
		};
		5DE49C4A24CED97F00F83403 /* Preview Content */ = {
			isa = PBXGroup;
			children = (
				5DE49C4B24CED97F00F83403 /* Preview Assets.xcassets */,
			);
			path = "Preview Content";
			sourceTree = "<group>";
		};
		5DE49C5824CED97F00F83403 /* UsingCameraRollPracticeTests */ = {
			isa = PBXGroup;
			children = (
				5DE49C5924CED97F00F83403 /* UsingCameraRollPracticeTests.swift */,
				5DE49C5B24CED97F00F83403 /* Info.plist */,
			);
			path = UsingCameraRollPracticeTests;
			sourceTree = "<group>";
		};
		5DE49C6324CED97F00F83403 /* UsingCameraRollPracticeUITests */ = {
			isa = PBXGroup;
			children = (
				5DE49C6424CED97F00F83403 /* UsingCameraRollPracticeUITests.swift */,
				5DE49C6624CED97F00F83403 /* Info.plist */,
			);
			path = UsingCameraRollPracticeUITests;
			sourceTree = "<group>";
		};
/* End PBXGroup section */

/* Begin PBXNativeTarget section */
		5DE49C3B24CED97C00F83403 /* UsingCameraRollPractice */ = {
			isa = PBXNativeTarget;
			buildConfigurationList = 5DE49C6924CED98000F83403 /* Build configuration list for PBXNativeTarget "UsingCameraRollPractice" */;
			buildPhases = (
				5DE49C3824CED97C00F83403 /* Sources */,
				5DE49C3924CED97C00F83403 /* Frameworks */,
				5DE49C3A24CED97C00F83403 /* Resources */,
			);
			buildRules = (
			);
			dependencies = (
			);
			name = UsingCameraRollPractice;
			productName = UsingCameraRollPractice;
			productReference = 5DE49C3C24CED97C00F83403 /* UsingCameraRollPractice.app */;
			productType = "com.apple.product-type.application";
		};
		5DE49C5424CED97F00F83403 /* UsingCameraRollPracticeTests */ = {
			isa = PBXNativeTarget;
			buildConfigurationList = 5DE49C6C24CED98000F83403 /* Build configuration list for PBXNativeTarget "UsingCameraRollPracticeTests" */;
			buildPhases = (
				5DE49C5124CED97F00F83403 /* Sources */,
				5DE49C5224CED97F00F83403 /* Frameworks */,
				5DE49C5324CED97F00F83403 /* Resources */,
			);
			buildRules = (
			);
			dependencies = (
				5DE49C5724CED97F00F83403 /* PBXTargetDependency */,
			);
			name = UsingCameraRollPracticeTests;
			productName = UsingCameraRollPracticeTests;
			productReference = 5DE49C5524CED97F00F83403 /* UsingCameraRollPracticeTests.xctest */;
			productType = "com.apple.product-type.bundle.unit-test";
		};
		5DE49C5F24CED97F00F83403 /* UsingCameraRollPracticeUITests */ = {
			isa = PBXNativeTarget;
			buildConfigurationList = 5DE49C6F24CED98000F83403 /* Build configuration list for PBXNativeTarget "UsingCameraRollPracticeUITests" */;
			buildPhases = (
				5DE49C5C24CED97F00F83403 /* Sources */,
				5DE49C5D24CED97F00F83403 /* Frameworks */,
				5DE49C5E24CED97F00F83403 /* Resources */,
			);
			buildRules = (
			);
			dependencies = (
				5DE49C6224CED97F00F83403 /* PBXTargetDependency */,
			);
			name = UsingCameraRollPracticeUITests;
			productName = UsingCameraRollPracticeUITests;
			productReference = 5DE49C6024CED97F00F83403 /* UsingCameraRollPracticeUITests.xctest */;
			productType = "com.apple.product-type.bundle.ui-testing";
		};
/* End PBXNativeTarget section */

/* Begin PBXProject section */
		5DE49C3424CED97C00F83403 /* Project object */ = {
			isa = PBXProject;
			attributes = {
				LastSwiftUpdateCheck = 1160;
				LastUpgradeCheck = 1160;
				ORGANIZATIONNAME = "조종운";
				TargetAttributes = {
					5DE49C3B24CED97C00F83403 = {
						CreatedOnToolsVersion = 11.6;
					};
					5DE49C5424CED97F00F83403 = {
						CreatedOnToolsVersion = 11.6;
						TestTargetID = 5DE49C3B24CED97C00F83403;
					};
					5DE49C5F24CED97F00F83403 = {
						CreatedOnToolsVersion = 11.6;
						TestTargetID = 5DE49C3B24CED97C00F83403;
					};
				};
			};
			buildConfigurationList = 5DE49C3724CED97C00F83403 /* Build configuration list for PBXProject "UsingCameraRollPractice" */;
			compatibilityVersion = "Xcode 9.3";
			developmentRegion = en;
			hasScannedForEncodings = 0;
			knownRegions = (
				en,
				Base,
			);
			mainGroup = 5DE49C3324CED97C00F83403;
			productRefGroup = 5DE49C3D24CED97C00F83403 /* Products */;
			projectDirPath = "";
			projectRoot = "";
			targets = (
				5DE49C3B24CED97C00F83403 /* UsingCameraRollPractice */,
				5DE49C5424CED97F00F83403 /* UsingCameraRollPracticeTests */,
				5DE49C5F24CED97F00F83403 /* UsingCameraRollPracticeUITests */,
			);
		};
/* End PBXProject section */

/* Begin PBXResourcesBuildPhase section */
		5DE49C3A24CED97C00F83403 /* Resources */ = {
			isa = PBXResourcesBuildPhase;
			buildActionMask = 2147483647;
			files = (
				5DE49C4F24CED97F00F83403 /* LaunchScreen.storyboard in Resources */,
				5DE49C4C24CED97F00F83403 /* Preview Assets.xcassets in Resources */,
				5DE49C4924CED97F00F83403 /* Assets.xcassets in Resources */,
			);
			runOnlyForDeploymentPostprocessing = 0;
		};
		5DE49C5324CED97F00F83403 /* Resources */ = {
			isa = PBXResourcesBuildPhase;
			buildActionMask = 2147483647;
			files = (
			);
			runOnlyForDeploymentPostprocessing = 0;
		};
		5DE49C5E24CED97F00F83403 /* Resources */ = {
			isa = PBXResourcesBuildPhase;
			buildActionMask = 2147483647;
			files = (
			);
			runOnlyForDeploymentPostprocessing = 0;
		};
/* End PBXResourcesBuildPhase section */

/* Begin PBXSourcesBuildPhase section */
		5DE49C3824CED97C00F83403 /* Sources */ = {
			isa = PBXSourcesBuildPhase;
			buildActionMask = 2147483647;
			files = (
				5DE49C4524CED97C00F83403 /* UsingCameraRollPractice.xcdatamodeld in Sources */,
				5DE49C4024CED97C00F83403 /* AppDelegate.swift in Sources */,
				5DE49C4724CED97C00F83403 /* ContentView.swift in Sources */,
				5DE49C7324CED9C800F83403 /* UsingCamera.swift in Sources */,
				5DE49C4224CED97C00F83403 /* SceneDelegate.swift in Sources */,
			);
			runOnlyForDeploymentPostprocessing = 0;
		};
		5DE49C5124CED97F00F83403 /* Sources */ = {
			isa = PBXSourcesBuildPhase;
			buildActionMask = 2147483647;
			files = (
				5DE49C5A24CED97F00F83403 /* UsingCameraRollPracticeTests.swift in Sources */,
			);
			runOnlyForDeploymentPostprocessing = 0;
		};
		5DE49C5C24CED97F00F83403 /* Sources */ = {
			isa = PBXSourcesBuildPhase;
			buildActionMask = 2147483647;
			files = (
				5DE49C6524CED97F00F83403 /* UsingCameraRollPracticeUITests.swift in Sources */,
			);
			runOnlyForDeploymentPostprocessing = 0;
		};
/* End PBXSourcesBuildPhase section */

/* Begin PBXTargetDependency section */
		5DE49C5724CED97F00F83403 /* PBXTargetDependency */ = {
			isa = PBXTargetDependency;
			target = 5DE49C3B24CED97C00F83403 /* UsingCameraRollPractice */;
			targetProxy = 5DE49C5624CED97F00F83403 /* PBXContainerItemProxy */;
		};
		5DE49C6224CED97F00F83403 /* PBXTargetDependency */ = {
			isa = PBXTargetDependency;
			target = 5DE49C3B24CED97C00F83403 /* UsingCameraRollPractice */;
			targetProxy = 5DE49C6124CED97F00F83403 /* PBXContainerItemProxy */;
		};
/* End PBXTargetDependency section */

/* Begin PBXVariantGroup section */
		5DE49C4D24CED97F00F83403 /* LaunchScreen.storyboard */ = {
			isa = PBXVariantGroup;
			children = (
				5DE49C4E24CED97F00F83403 /* Base */,
			);
			name = LaunchScreen.storyboard;
			sourceTree = "<group>";
		};
/* End PBXVariantGroup section */

/* Begin XCBuildConfiguration section */
		5DE49C6724CED98000F83403 /* Debug */ = {
			isa = XCBuildConfiguration;
			buildSettings = {
				ALWAYS_SEARCH_USER_PATHS = NO;
				CLANG_ANALYZER_NONNULL = YES;
				CLANG_ANALYZER_NUMBER_OBJECT_CONVERSION = YES_AGGRESSIVE;
				CLANG_CXX_LANGUAGE_STANDARD = "gnu++14";
				CLANG_CXX_LIBRARY = "libc++";
				CLANG_ENABLE_MODULES = YES;
				CLANG_ENABLE_OBJC_ARC = YES;
				CLANG_ENABLE_OBJC_WEAK = YES;
				CLANG_WARN_BLOCK_CAPTURE_AUTORELEASING = YES;
				CLANG_WARN_BOOL_CONVERSION = YES;
				CLANG_WARN_COMMA = YES;
				CLANG_WARN_CONSTANT_CONVERSION = YES;
				CLANG_WARN_DEPRECATED_OBJC_IMPLEMENTATIONS = YES;
				CLANG_WARN_DIRECT_OBJC_ISA_USAGE = YES_ERROR;
				CLANG_WARN_DOCUMENTATION_COMMENTS = YES;
				CLANG_WARN_EMPTY_BODY = YES;
				CLANG_WARN_ENUM_CONVERSION = YES;
				CLANG_WARN_INFINITE_RECURSION = YES;
				CLANG_WARN_INT_CONVERSION = YES;
				CLANG_WARN_NON_LITERAL_NULL_CONVERSION = YES;
				CLANG_WARN_OBJC_IMPLICIT_RETAIN_SELF = YES;
				CLANG_WARN_OBJC_LITERAL_CONVERSION = YES;
				CLANG_WARN_OBJC_ROOT_CLASS = YES_ERROR;
				CLANG_WARN_RANGE_LOOP_ANALYSIS = YES;
				CLANG_WARN_STRICT_PROTOTYPES = YES;
				CLANG_WARN_SUSPICIOUS_MOVE = YES;
				CLANG_WARN_UNGUARDED_AVAILABILITY = YES_AGGRESSIVE;
				CLANG_WARN_UNREACHABLE_CODE = YES;
				CLANG_WARN__DUPLICATE_METHOD_MATCH = YES;
				COPY_PHASE_STRIP = NO;
				DEBUG_INFORMATION_FORMAT = dwarf;
				ENABLE_STRICT_OBJC_MSGSEND = YES;
				ENABLE_TESTABILITY = YES;
				GCC_C_LANGUAGE_STANDARD = gnu11;
				GCC_DYNAMIC_NO_PIC = NO;
				GCC_NO_COMMON_BLOCKS = YES;
				GCC_OPTIMIZATION_LEVEL = 0;
				GCC_PREPROCESSOR_DEFINITIONS = (
					"DEBUG=1",
					"$(inherited)",
				);
				GCC_WARN_64_TO_32_BIT_CONVERSION = YES;
				GCC_WARN_ABOUT_RETURN_TYPE = YES_ERROR;
				GCC_WARN_UNDECLARED_SELECTOR = YES;
				GCC_WARN_UNINITIALIZED_AUTOS = YES_AGGRESSIVE;
				GCC_WARN_UNUSED_FUNCTION = YES;
				GCC_WARN_UNUSED_VARIABLE = YES;
				IPHONEOS_DEPLOYMENT_TARGET = 13.6;
				MTL_ENABLE_DEBUG_INFO = INCLUDE_SOURCE;
				MTL_FAST_MATH = YES;
				ONLY_ACTIVE_ARCH = YES;
				SDKROOT = iphoneos;
				SWIFT_ACTIVE_COMPILATION_CONDITIONS = DEBUG;
				SWIFT_OPTIMIZATION_LEVEL = "-Onone";
			};
			name = Debug;
		};
		5DE49C6824CED98000F83403 /* Release */ = {
			isa = XCBuildConfiguration;
			buildSettings = {
				ALWAYS_SEARCH_USER_PATHS = NO;
				CLANG_ANALYZER_NONNULL = YES;
				CLANG_ANALYZER_NUMBER_OBJECT_CONVERSION = YES_AGGRESSIVE;
				CLANG_CXX_LANGUAGE_STANDARD = "gnu++14";
				CLANG_CXX_LIBRARY = "libc++";
				CLANG_ENABLE_MODULES = YES;
				CLANG_ENABLE_OBJC_ARC = YES;
				CLANG_ENABLE_OBJC_WEAK = YES;
				CLANG_WARN_BLOCK_CAPTURE_AUTORELEASING = YES;
				CLANG_WARN_BOOL_CONVERSION = YES;
				CLANG_WARN_COMMA = YES;
				CLANG_WARN_CONSTANT_CONVERSION = YES;
				CLANG_WARN_DEPRECATED_OBJC_IMPLEMENTATIONS = YES;
				CLANG_WARN_DIRECT_OBJC_ISA_USAGE = YES_ERROR;
				CLANG_WARN_DOCUMENTATION_COMMENTS = YES;
				CLANG_WARN_EMPTY_BODY = YES;
				CLANG_WARN_ENUM_CONVERSION = YES;
				CLANG_WARN_INFINITE_RECURSION = YES;
				CLANG_WARN_INT_CONVERSION = YES;
				CLANG_WARN_NON_LITERAL_NULL_CONVERSION = YES;
				CLANG_WARN_OBJC_IMPLICIT_RETAIN_SELF = YES;
				CLANG_WARN_OBJC_LITERAL_CONVERSION = YES;
				CLANG_WARN_OBJC_ROOT_CLASS = YES_ERROR;
				CLANG_WARN_RANGE_LOOP_ANALYSIS = YES;
				CLANG_WARN_STRICT_PROTOTYPES = YES;
				CLANG_WARN_SUSPICIOUS_MOVE = YES;
				CLANG_WARN_UNGUARDED_AVAILABILITY = YES_AGGRESSIVE;
				CLANG_WARN_UNREACHABLE_CODE = YES;
				CLANG_WARN__DUPLICATE_METHOD_MATCH = YES;
				COPY_PHASE_STRIP = NO;
				DEBUG_INFORMATION_FORMAT = "dwarf-with-dsym";
				ENABLE_NS_ASSERTIONS = NO;
				ENABLE_STRICT_OBJC_MSGSEND = YES;
				GCC_C_LANGUAGE_STANDARD = gnu11;
				GCC_NO_COMMON_BLOCKS = YES;
				GCC_WARN_64_TO_32_BIT_CONVERSION = YES;
				GCC_WARN_ABOUT_RETURN_TYPE = YES_ERROR;
				GCC_WARN_UNDECLARED_SELECTOR = YES;
				GCC_WARN_UNINITIALIZED_AUTOS = YES_AGGRESSIVE;
				GCC_WARN_UNUSED_FUNCTION = YES;
				GCC_WARN_UNUSED_VARIABLE = YES;
				IPHONEOS_DEPLOYMENT_TARGET = 13.6;
				MTL_ENABLE_DEBUG_INFO = NO;
				MTL_FAST_MATH = YES;
				SDKROOT = iphoneos;
				SWIFT_COMPILATION_MODE = wholemodule;
				SWIFT_OPTIMIZATION_LEVEL = "-O";
				VALIDATE_PRODUCT = YES;
			};
			name = Release;
		};
		5DE49C6A24CED98000F83403 /* Debug */ = {
			isa = XCBuildConfiguration;
			buildSettings = {
				ASSETCATALOG_COMPILER_APPICON_NAME = AppIcon;
				CODE_SIGN_STYLE = Automatic;
				DEVELOPMENT_ASSET_PATHS = "\"UsingCameraRollPractice/Preview Content\"";
				DEVELOPMENT_TEAM = 8TC4W5JV38;
				ENABLE_PREVIEWS = YES;
				INFOPLIST_FILE = UsingCameraRollPractice/Info.plist;
				LD_RUNPATH_SEARCH_PATHS = (
					"$(inherited)",
					"@executable_path/Frameworks",
				);
				PRODUCT_BUNDLE_IDENTIFIER = cho.UsingCameraRollPractice;
				PRODUCT_NAME = "$(TARGET_NAME)";
				SWIFT_VERSION = 5.0;
				TARGETED_DEVICE_FAMILY = "1,2";
			};
			name = Debug;
		};
		5DE49C6B24CED98000F83403 /* Release */ = {
			isa = XCBuildConfiguration;
			buildSettings = {
				ASSETCATALOG_COMPILER_APPICON_NAME = AppIcon;
				CODE_SIGN_STYLE = Automatic;
				DEVELOPMENT_ASSET_PATHS = "\"UsingCameraRollPractice/Preview Content\"";
				DEVELOPMENT_TEAM = 8TC4W5JV38;
				ENABLE_PREVIEWS = YES;
				INFOPLIST_FILE = UsingCameraRollPractice/Info.plist;
				LD_RUNPATH_SEARCH_PATHS = (
					"$(inherited)",
					"@executable_path/Frameworks",
				);
				PRODUCT_BUNDLE_IDENTIFIER = cho.UsingCameraRollPractice;
				PRODUCT_NAME = "$(TARGET_NAME)";
				SWIFT_VERSION = 5.0;
				TARGETED_DEVICE_FAMILY = "1,2";
			};
			name = Release;
		};
		5DE49C6D24CED98000F83403 /* Debug */ = {
			isa = XCBuildConfiguration;
			buildSettings = {
				ALWAYS_EMBED_SWIFT_STANDARD_LIBRARIES = YES;
				BUNDLE_LOADER = "$(TEST_HOST)";
				CODE_SIGN_STYLE = Automatic;
				DEVELOPMENT_TEAM = 8TC4W5JV38;
				INFOPLIST_FILE = UsingCameraRollPracticeTests/Info.plist;
				IPHONEOS_DEPLOYMENT_TARGET = 13.6;
				LD_RUNPATH_SEARCH_PATHS = (
					"$(inherited)",
					"@executable_path/Frameworks",
					"@loader_path/Frameworks",
				);
				PRODUCT_BUNDLE_IDENTIFIER = cho.UsingCameraRollPracticeTests;
				PRODUCT_NAME = "$(TARGET_NAME)";
				SWIFT_VERSION = 5.0;
				TARGETED_DEVICE_FAMILY = "1,2";
				TEST_HOST = "$(BUILT_PRODUCTS_DIR)/UsingCameraRollPractice.app/UsingCameraRollPractice";
			};
			name = Debug;
		};
		5DE49C6E24CED98000F83403 /* Release */ = {
			isa = XCBuildConfiguration;
			buildSettings = {
				ALWAYS_EMBED_SWIFT_STANDARD_LIBRARIES = YES;
				BUNDLE_LOADER = "$(TEST_HOST)";
				CODE_SIGN_STYLE = Automatic;
				DEVELOPMENT_TEAM = 8TC4W5JV38;
				INFOPLIST_FILE = UsingCameraRollPracticeTests/Info.plist;
				IPHONEOS_DEPLOYMENT_TARGET = 13.6;
				LD_RUNPATH_SEARCH_PATHS = (
					"$(inherited)",
					"@executable_path/Frameworks",
					"@loader_path/Frameworks",
				);
				PRODUCT_BUNDLE_IDENTIFIER = cho.UsingCameraRollPracticeTests;
				PRODUCT_NAME = "$(TARGET_NAME)";
				SWIFT_VERSION = 5.0;
				TARGETED_DEVICE_FAMILY = "1,2";
				TEST_HOST = "$(BUILT_PRODUCTS_DIR)/UsingCameraRollPractice.app/UsingCameraRollPractice";
			};
			name = Release;
		};
		5DE49C7024CED98000F83403 /* Debug */ = {
			isa = XCBuildConfiguration;
			buildSettings = {
				ALWAYS_EMBED_SWIFT_STANDARD_LIBRARIES = YES;
				CODE_SIGN_STYLE = Automatic;
				DEVELOPMENT_TEAM = 8TC4W5JV38;
				INFOPLIST_FILE = UsingCameraRollPracticeUITests/Info.plist;
				LD_RUNPATH_SEARCH_PATHS = (
					"$(inherited)",
					"@executable_path/Frameworks",
					"@loader_path/Frameworks",
				);
				PRODUCT_BUNDLE_IDENTIFIER = cho.UsingCameraRollPracticeUITests;
				PRODUCT_NAME = "$(TARGET_NAME)";
				SWIFT_VERSION = 5.0;
				TARGETED_DEVICE_FAMILY = "1,2";
				TEST_TARGET_NAME = UsingCameraRollPractice;
			};
			name = Debug;
		};
		5DE49C7124CED98000F83403 /* Release */ = {
			isa = XCBuildConfiguration;
			buildSettings = {
				ALWAYS_EMBED_SWIFT_STANDARD_LIBRARIES = YES;
				CODE_SIGN_STYLE = Automatic;
				DEVELOPMENT_TEAM = 8TC4W5JV38;
				INFOPLIST_FILE = UsingCameraRollPracticeUITests/Info.plist;
				LD_RUNPATH_SEARCH_PATHS = (
					"$(inherited)",
					"@executable_path/Frameworks",
					"@loader_path/Frameworks",
				);
				PRODUCT_BUNDLE_IDENTIFIER = cho.UsingCameraRollPracticeUITests;
				PRODUCT_NAME = "$(TARGET_NAME)";
				SWIFT_VERSION = 5.0;
				TARGETED_DEVICE_FAMILY = "1,2";
				TEST_TARGET_NAME = UsingCameraRollPractice;
			};
			name = Release;
		};
/* End XCBuildConfiguration section */

/* Begin XCConfigurationList section */
		5DE49C3724CED97C00F83403 /* Build configuration list for PBXProject "UsingCameraRollPractice" */ = {
			isa = XCConfigurationList;
			buildConfigurations = (
				5DE49C6724CED98000F83403 /* Debug */,
				5DE49C6824CED98000F83403 /* Release */,
			);
			defaultConfigurationIsVisible = 0;
			defaultConfigurationName = Release;
		};
		5DE49C6924CED98000F83403 /* Build configuration list for PBXNativeTarget "UsingCameraRollPractice" */ = {
			isa = XCConfigurationList;
			buildConfigurations = (
				5DE49C6A24CED98000F83403 /* Debug */,
				5DE49C6B24CED98000F83403 /* Release */,
			);
			defaultConfigurationIsVisible = 0;
			defaultConfigurationName = Release;
		};
		5DE49C6C24CED98000F83403 /* Build configuration list for PBXNativeTarget "UsingCameraRollPracticeTests" */ = {
			isa = XCConfigurationList;
			buildConfigurations = (
				5DE49C6D24CED98000F83403 /* Debug */,
				5DE49C6E24CED98000F83403 /* Release */,
			);
			defaultConfigurationIsVisible = 0;
			defaultConfigurationName = Release;
		};
		5DE49C6F24CED98000F83403 /* Build configuration list for PBXNativeTarget "UsingCameraRollPracticeUITests" */ = {
			isa = XCConfigurationList;
			buildConfigurations = (
				5DE49C7024CED98000F83403 /* Debug */,
				5DE49C7124CED98000F83403 /* Release */,
			);
			defaultConfigurationIsVisible = 0;
			defaultConfigurationName = Release;
		};
/* End XCConfigurationList section */

/* Begin XCVersionGroup section */
		5DE49C4324CED97C00F83403 /* UsingCameraRollPractice.xcdatamodeld */ = {
			isa = XCVersionGroup;
			children = (
				5DE49C4424CED97C00F83403 /* UsingCameraRollPractice.xcdatamodel */,
			);
			currentVersion = 5DE49C4424CED97C00F83403 /* UsingCameraRollPractice.xcdatamodel */;
			path = UsingCameraRollPractice.xcdatamodeld;
			sourceTree = "<group>";
			versionGroupType = wrapper.xcdatamodel;
		};
/* End XCVersionGroup section */
	};
	rootObject = 5DE49C3424CED97C00F83403 /* Project object */;
}
