// !$*UTF8*$!
{
	archiveVersion = 1;
	classes = {
	};
	objectVersion = 50;
	objects = {

/* Begin PBXBuildFile section */
		5D7E746A250A0807001ECBAD /* AppDelegate.swift in Sources */ = {isa = PBXBuildFile; fileRef = 5D7E7469250A0807001ECBAD /* AppDelegate.swift */; };
		5D7E746C250A0807001ECBAD /* SceneDelegate.swift in Sources */ = {isa = PBXBuildFile; fileRef = 5D7E746B250A0807001ECBAD /* SceneDelegate.swift */; };
		5D7E746F250A0807001ECBAD /* NavigationBarPractice.xcdatamodeld in Sources */ = {isa = PBXBuildFile; fileRef = 5D7E746D250A0807001ECBAD /* NavigationBarPractice.xcdatamodeld */; };
		5D7E7471250A0807001ECBAD /* ContentView.swift in Sources */ = {isa = PBXBuildFile; fileRef = 5D7E7470250A0807001ECBAD /* ContentView.swift */; };
		5D7E7473250A080C001ECBAD /* Assets.xcassets in Resources */ = {isa = PBXBuildFile; fileRef = 5D7E7472250A080C001ECBAD /* Assets.xcassets */; };
		5D7E7476250A080C001ECBAD /* Preview Assets.xcassets in Resources */ = {isa = PBXBuildFile; fileRef = 5D7E7475250A080C001ECBAD /* Preview Assets.xcassets */; };
		5D7E7479250A080C001ECBAD /* LaunchScreen.storyboard in Resources */ = {isa = PBXBuildFile; fileRef = 5D7E7477250A080C001ECBAD /* LaunchScreen.storyboard */; };
		5D7E7481250A775A001ECBAD /* BundlePractice.swift in Sources */ = {isa = PBXBuildFile; fileRef = 5D7E7480250A775A001ECBAD /* BundlePractice.swift */; };
		5D7E7483250A7785001ECBAD /* RefrigerData.json in Resources */ = {isa = PBXBuildFile; fileRef = 5D7E7482250A7785001ECBAD /* RefrigerData.json */; };
		5D7E7485250A838B001ECBAD /* AnimationPractice.swift in Sources */ = {isa = PBXBuildFile; fileRef = 5D7E7484250A838B001ECBAD /* AnimationPractice.swift */; };
		5D7E7487250B125E001ECBAD /* AnimationPractice2.swift in Sources */ = {isa = PBXBuildFile; fileRef = 5D7E7486250B125E001ECBAD /* AnimationPractice2.swift */; };
/* End PBXBuildFile section */

/* Begin PBXFileReference section */
		5D7E7466250A0807001ECBAD /* NavigationBarPractice.app */ = {isa = PBXFileReference; explicitFileType = wrapper.application; includeInIndex = 0; path = NavigationBarPractice.app; sourceTree = BUILT_PRODUCTS_DIR; };
		5D7E7469250A0807001ECBAD /* AppDelegate.swift */ = {isa = PBXFileReference; lastKnownFileType = sourcecode.swift; path = AppDelegate.swift; sourceTree = "<group>"; };
		5D7E746B250A0807001ECBAD /* SceneDelegate.swift */ = {isa = PBXFileReference; lastKnownFileType = sourcecode.swift; path = SceneDelegate.swift; sourceTree = "<group>"; };
		5D7E746E250A0807001ECBAD /* NavigationBarPractice.xcdatamodel */ = {isa = PBXFileReference; lastKnownFileType = wrapper.xcdatamodel; path = NavigationBarPractice.xcdatamodel; sourceTree = "<group>"; };
		5D7E7470250A0807001ECBAD /* ContentView.swift */ = {isa = PBXFileReference; lastKnownFileType = sourcecode.swift; path = ContentView.swift; sourceTree = "<group>"; };
		5D7E7472250A080C001ECBAD /* Assets.xcassets */ = {isa = PBXFileReference; lastKnownFileType = folder.assetcatalog; path = Assets.xcassets; sourceTree = "<group>"; };
		5D7E7475250A080C001ECBAD /* Preview Assets.xcassets */ = {isa = PBXFileReference; lastKnownFileType = folder.assetcatalog; path = "Preview Assets.xcassets"; sourceTree = "<group>"; };
		5D7E7478250A080C001ECBAD /* Base */ = {isa = PBXFileReference; lastKnownFileType = file.storyboard; name = Base; path = Base.lproj/LaunchScreen.storyboard; sourceTree = "<group>"; };
		5D7E747A250A080C001ECBAD /* Info.plist */ = {isa = PBXFileReference; lastKnownFileType = text.plist.xml; path = Info.plist; sourceTree = "<group>"; };
		5D7E7480250A775A001ECBAD /* BundlePractice.swift */ = {isa = PBXFileReference; lastKnownFileType = sourcecode.swift; path = BundlePractice.swift; sourceTree = "<group>"; };
		5D7E7482250A7785001ECBAD /* RefrigerData.json */ = {isa = PBXFileReference; fileEncoding = 4; lastKnownFileType = text.json; name = RefrigerData.json; path = ../../../../../../../../Desktop/RefrigerData.json; sourceTree = "<group>"; };
		5D7E7484250A838B001ECBAD /* AnimationPractice.swift */ = {isa = PBXFileReference; lastKnownFileType = sourcecode.swift; path = AnimationPractice.swift; sourceTree = "<group>"; };
		5D7E7486250B125E001ECBAD /* AnimationPractice2.swift */ = {isa = PBXFileReference; lastKnownFileType = sourcecode.swift; path = AnimationPractice2.swift; sourceTree = "<group>"; };
/* End PBXFileReference section */

/* Begin PBXFrameworksBuildPhase section */
		5D7E7463250A0807001ECBAD /* Frameworks */ = {
			isa = PBXFrameworksBuildPhase;
			buildActionMask = 2147483647;
			files = (
			);
			runOnlyForDeploymentPostprocessing = 0;
		};
/* End PBXFrameworksBuildPhase section */

/* Begin PBXGroup section */
		5D7E745D250A0806001ECBAD = {
			isa = PBXGroup;
			children = (
				5D7E7468250A0807001ECBAD /* NavigationBarPractice */,
				5D7E7467250A0807001ECBAD /* Products */,
			);
			sourceTree = "<group>";
		};
		5D7E7467250A0807001ECBAD /* Products */ = {
			isa = PBXGroup;
			children = (
				5D7E7466250A0807001ECBAD /* NavigationBarPractice.app */,
			);
			name = Products;
			sourceTree = "<group>";
		};
		5D7E7468250A0807001ECBAD /* NavigationBarPractice */ = {
			isa = PBXGroup;
			children = (
				5D7E7482250A7785001ECBAD /* RefrigerData.json */,
				5D7E7469250A0807001ECBAD /* AppDelegate.swift */,
				5D7E746B250A0807001ECBAD /* SceneDelegate.swift */,
				5D7E7470250A0807001ECBAD /* ContentView.swift */,
				5D7E7480250A775A001ECBAD /* BundlePractice.swift */,
				5D7E7484250A838B001ECBAD /* AnimationPractice.swift */,
				5D7E7486250B125E001ECBAD /* AnimationPractice2.swift */,
				5D7E7472250A080C001ECBAD /* Assets.xcassets */,
				5D7E7477250A080C001ECBAD /* LaunchScreen.storyboard */,
				5D7E747A250A080C001ECBAD /* Info.plist */,
				5D7E746D250A0807001ECBAD /* NavigationBarPractice.xcdatamodeld */,
				5D7E7474250A080C001ECBAD /* Preview Content */,
			);
			path = NavigationBarPractice;
			sourceTree = "<group>";
		};
		5D7E7474250A080C001ECBAD /* Preview Content */ = {
			isa = PBXGroup;
			children = (
				5D7E7475250A080C001ECBAD /* Preview Assets.xcassets */,
			);
			path = "Preview Content";
			sourceTree = "<group>";
		};
/* End PBXGroup section */

/* Begin PBXNativeTarget section */
		5D7E7465250A0807001ECBAD /* NavigationBarPractice */ = {
			isa = PBXNativeTarget;
			buildConfigurationList = 5D7E747D250A080C001ECBAD /* Build configuration list for PBXNativeTarget "NavigationBarPractice" */;
			buildPhases = (
				5D7E7462250A0807001ECBAD /* Sources */,
				5D7E7463250A0807001ECBAD /* Frameworks */,
				5D7E7464250A0807001ECBAD /* Resources */,
			);
			buildRules = (
			);
			dependencies = (
			);
			name = NavigationBarPractice;
			productName = NavigationBarPractice;
			productReference = 5D7E7466250A0807001ECBAD /* NavigationBarPractice.app */;
			productType = "com.apple.product-type.application";
		};
/* End PBXNativeTarget section */

/* Begin PBXProject section */
		5D7E745E250A0806001ECBAD /* Project object */ = {
			isa = PBXProject;
			attributes = {
				LastSwiftUpdateCheck = 1170;
				LastUpgradeCheck = 1170;
				ORGANIZATIONNAME = "조종운";
				TargetAttributes = {
					5D7E7465250A0807001ECBAD = {
						CreatedOnToolsVersion = 11.7;
					};
				};
			};
			buildConfigurationList = 5D7E7461250A0806001ECBAD /* Build configuration list for PBXProject "NavigationBarPractice" */;
			compatibilityVersion = "Xcode 9.3";
			developmentRegion = en;
			hasScannedForEncodings = 0;
			knownRegions = (
				en,
				Base,
			);
			mainGroup = 5D7E745D250A0806001ECBAD;
			productRefGroup = 5D7E7467250A0807001ECBAD /* Products */;
			projectDirPath = "";
			projectRoot = "";
			targets = (
				5D7E7465250A0807001ECBAD /* NavigationBarPractice */,
			);
		};
/* End PBXProject section */

/* Begin PBXResourcesBuildPhase section */
		5D7E7464250A0807001ECBAD /* Resources */ = {
			isa = PBXResourcesBuildPhase;
			buildActionMask = 2147483647;
			files = (
				5D7E7479250A080C001ECBAD /* LaunchScreen.storyboard in Resources */,
				5D7E7483250A7785001ECBAD /* RefrigerData.json in Resources */,
				5D7E7476250A080C001ECBAD /* Preview Assets.xcassets in Resources */,
				5D7E7473250A080C001ECBAD /* Assets.xcassets in Resources */,
			);
			runOnlyForDeploymentPostprocessing = 0;
		};
/* End PBXResourcesBuildPhase section */

/* Begin PBXSourcesBuildPhase section */
		5D7E7462250A0807001ECBAD /* Sources */ = {
			isa = PBXSourcesBuildPhase;
			buildActionMask = 2147483647;
			files = (
				5D7E746F250A0807001ECBAD /* NavigationBarPractice.xcdatamodeld in Sources */,
				5D7E746A250A0807001ECBAD /* AppDelegate.swift in Sources */,
				5D7E7471250A0807001ECBAD /* ContentView.swift in Sources */,
				5D7E7481250A775A001ECBAD /* BundlePractice.swift in Sources */,
				5D7E7485250A838B001ECBAD /* AnimationPractice.swift in Sources */,
				5D7E7487250B125E001ECBAD /* AnimationPractice2.swift in Sources */,
				5D7E746C250A0807001ECBAD /* SceneDelegate.swift in Sources */,
			);
			runOnlyForDeploymentPostprocessing = 0;
		};
/* End PBXSourcesBuildPhase section */

/* Begin PBXVariantGroup section */
		5D7E7477250A080C001ECBAD /* LaunchScreen.storyboard */ = {
			isa = PBXVariantGroup;
			children = (
				5D7E7478250A080C001ECBAD /* Base */,
			);
			name = LaunchScreen.storyboard;
			sourceTree = "<group>";
		};
/* End PBXVariantGroup section */

/* Begin XCBuildConfiguration section */
		5D7E747B250A080C001ECBAD /* Debug */ = {
			isa = XCBuildConfiguration;
			buildSettings = {
				ALWAYS_SEARCH_USER_PATHS = NO;
				CLANG_ANALYZER_NONNULL = YES;
				CLANG_ANALYZER_NUMBER_OBJECT_CONVERSION = YES_AGGRESSIVE;
				CLANG_CXX_LANGUAGE_STANDARD = "gnu++14";
				CLANG_CXX_LIBRARY = "libc++";
				CLANG_ENABLE_MODULES = YES;
				CLANG_ENABLE_OBJC_ARC = YES;
				CLANG_ENABLE_OBJC_WEAK = YES;
				CLANG_WARN_BLOCK_CAPTURE_AUTORELEASING = YES;
				CLANG_WARN_BOOL_CONVERSION = YES;
				CLANG_WARN_COMMA = YES;
				CLANG_WARN_CONSTANT_CONVERSION = YES;
				CLANG_WARN_DEPRECATED_OBJC_IMPLEMENTATIONS = YES;
				CLANG_WARN_DIRECT_OBJC_ISA_USAGE = YES_ERROR;
				CLANG_WARN_DOCUMENTATION_COMMENTS = YES;
				CLANG_WARN_EMPTY_BODY = YES;
				CLANG_WARN_ENUM_CONVERSION = YES;
				CLANG_WARN_INFINITE_RECURSION = YES;
				CLANG_WARN_INT_CONVERSION = YES;
				CLANG_WARN_NON_LITERAL_NULL_CONVERSION = YES;
				CLANG_WARN_OBJC_IMPLICIT_RETAIN_SELF = YES;
				CLANG_WARN_OBJC_LITERAL_CONVERSION = YES;
				CLANG_WARN_OBJC_ROOT_CLASS = YES_ERROR;
				CLANG_WARN_RANGE_LOOP_ANALYSIS = YES;
				CLANG_WARN_STRICT_PROTOTYPES = YES;
				CLANG_WARN_SUSPICIOUS_MOVE = YES;
				CLANG_WARN_UNGUARDED_AVAILABILITY = YES_AGGRESSIVE;
				CLANG_WARN_UNREACHABLE_CODE = YES;
				CLANG_WARN__DUPLICATE_METHOD_MATCH = YES;
				COPY_PHASE_STRIP = NO;
				DEBUG_INFORMATION_FORMAT = dwarf;
				ENABLE_STRICT_OBJC_MSGSEND = YES;
				ENABLE_TESTABILITY = YES;
				GCC_C_LANGUAGE_STANDARD = gnu11;
				GCC_DYNAMIC_NO_PIC = NO;
				GCC_NO_COMMON_BLOCKS = YES;
				GCC_OPTIMIZATION_LEVEL = 0;
				GCC_PREPROCESSOR_DEFINITIONS = (
					"DEBUG=1",
					"$(inherited)",
				);
				GCC_WARN_64_TO_32_BIT_CONVERSION = YES;
				GCC_WARN_ABOUT_RETURN_TYPE = YES_ERROR;
				GCC_WARN_UNDECLARED_SELECTOR = YES;
				GCC_WARN_UNINITIALIZED_AUTOS = YES_AGGRESSIVE;
				GCC_WARN_UNUSED_FUNCTION = YES;
				GCC_WARN_UNUSED_VARIABLE = YES;
				IPHONEOS_DEPLOYMENT_TARGET = 13.7;
				MTL_ENABLE_DEBUG_INFO = INCLUDE_SOURCE;
				MTL_FAST_MATH = YES;
				ONLY_ACTIVE_ARCH = YES;
				SDKROOT = iphoneos;
				SWIFT_ACTIVE_COMPILATION_CONDITIONS = DEBUG;
				SWIFT_OPTIMIZATION_LEVEL = "-Onone";
			};
			name = Debug;
		};
		5D7E747C250A080C001ECBAD /* Release */ = {
			isa = XCBuildConfiguration;
			buildSettings = {
				ALWAYS_SEARCH_USER_PATHS = NO;
				CLANG_ANALYZER_NONNULL = YES;
				CLANG_ANALYZER_NUMBER_OBJECT_CONVERSION = YES_AGGRESSIVE;
				CLANG_CXX_LANGUAGE_STANDARD = "gnu++14";
				CLANG_CXX_LIBRARY = "libc++";
				CLANG_ENABLE_MODULES = YES;
				CLANG_ENABLE_OBJC_ARC = YES;
				CLANG_ENABLE_OBJC_WEAK = YES;
				CLANG_WARN_BLOCK_CAPTURE_AUTORELEASING = YES;
				CLANG_WARN_BOOL_CONVERSION = YES;
				CLANG_WARN_COMMA = YES;
				CLANG_WARN_CONSTANT_CONVERSION = YES;
				CLANG_WARN_DEPRECATED_OBJC_IMPLEMENTATIONS = YES;
				CLANG_WARN_DIRECT_OBJC_ISA_USAGE = YES_ERROR;
				CLANG_WARN_DOCUMENTATION_COMMENTS = YES;
				CLANG_WARN_EMPTY_BODY = YES;
				CLANG_WARN_ENUM_CONVERSION = YES;
				CLANG_WARN_INFINITE_RECURSION = YES;
				CLANG_WARN_INT_CONVERSION = YES;
				CLANG_WARN_NON_LITERAL_NULL_CONVERSION = YES;
				CLANG_WARN_OBJC_IMPLICIT_RETAIN_SELF = YES;
				CLANG_WARN_OBJC_LITERAL_CONVERSION = YES;
				CLANG_WARN_OBJC_ROOT_CLASS = YES_ERROR;
				CLANG_WARN_RANGE_LOOP_ANALYSIS = YES;
				CLANG_WARN_STRICT_PROTOTYPES = YES;
				CLANG_WARN_SUSPICIOUS_MOVE = YES;
				CLANG_WARN_UNGUARDED_AVAILABILITY = YES_AGGRESSIVE;
				CLANG_WARN_UNREACHABLE_CODE = YES;
				CLANG_WARN__DUPLICATE_METHOD_MATCH = YES;
				COPY_PHASE_STRIP = NO;
				DEBUG_INFORMATION_FORMAT = "dwarf-with-dsym";
				ENABLE_NS_ASSERTIONS = NO;
				ENABLE_STRICT_OBJC_MSGSEND = YES;
				GCC_C_LANGUAGE_STANDARD = gnu11;
				GCC_NO_COMMON_BLOCKS = YES;
				GCC_WARN_64_TO_32_BIT_CONVERSION = YES;
				GCC_WARN_ABOUT_RETURN_TYPE = YES_ERROR;
				GCC_WARN_UNDECLARED_SELECTOR = YES;
				GCC_WARN_UNINITIALIZED_AUTOS = YES_AGGRESSIVE;
				GCC_WARN_UNUSED_FUNCTION = YES;
				GCC_WARN_UNUSED_VARIABLE = YES;
				IPHONEOS_DEPLOYMENT_TARGET = 13.7;
				MTL_ENABLE_DEBUG_INFO = NO;
				MTL_FAST_MATH = YES;
				SDKROOT = iphoneos;
				SWIFT_COMPILATION_MODE = wholemodule;
				SWIFT_OPTIMIZATION_LEVEL = "-O";
				VALIDATE_PRODUCT = YES;
			};
			name = Release;
		};
		5D7E747E250A080C001ECBAD /* Debug */ = {
			isa = XCBuildConfiguration;
			buildSettings = {
				ASSETCATALOG_COMPILER_APPICON_NAME = AppIcon;
				CODE_SIGN_STYLE = Automatic;
				DEVELOPMENT_ASSET_PATHS = "\"NavigationBarPractice/Preview Content\"";
				DEVELOPMENT_TEAM = 8TC4W5JV38;
				ENABLE_PREVIEWS = YES;
				INFOPLIST_FILE = NavigationBarPractice/Info.plist;
				LD_RUNPATH_SEARCH_PATHS = (
					"$(inherited)",
					"@executable_path/Frameworks",
				);
				PRODUCT_BUNDLE_IDENTIFIER = cho.NavigationBarPractice;
				PRODUCT_NAME = "$(TARGET_NAME)";
				SWIFT_VERSION = 5.0;
				TARGETED_DEVICE_FAMILY = "1,2";
			};
			name = Debug;
		};
		5D7E747F250A080C001ECBAD /* Release */ = {
			isa = XCBuildConfiguration;
			buildSettings = {
				ASSETCATALOG_COMPILER_APPICON_NAME = AppIcon;
				CODE_SIGN_STYLE = Automatic;
				DEVELOPMENT_ASSET_PATHS = "\"NavigationBarPractice/Preview Content\"";
				DEVELOPMENT_TEAM = 8TC4W5JV38;
				ENABLE_PREVIEWS = YES;
				INFOPLIST_FILE = NavigationBarPractice/Info.plist;
				LD_RUNPATH_SEARCH_PATHS = (
					"$(inherited)",
					"@executable_path/Frameworks",
				);
				PRODUCT_BUNDLE_IDENTIFIER = cho.NavigationBarPractice;
				PRODUCT_NAME = "$(TARGET_NAME)";
				SWIFT_VERSION = 5.0;
				TARGETED_DEVICE_FAMILY = "1,2";
			};
			name = Release;
		};
/* End XCBuildConfiguration section */

/* Begin XCConfigurationList section */
		5D7E7461250A0806001ECBAD /* Build configuration list for PBXProject "NavigationBarPractice" */ = {
			isa = XCConfigurationList;
			buildConfigurations = (
				5D7E747B250A080C001ECBAD /* Debug */,
				5D7E747C250A080C001ECBAD /* Release */,
			);
			defaultConfigurationIsVisible = 0;
			defaultConfigurationName = Release;
		};
		5D7E747D250A080C001ECBAD /* Build configuration list for PBXNativeTarget "NavigationBarPractice" */ = {
			isa = XCConfigurationList;
			buildConfigurations = (
				5D7E747E250A080C001ECBAD /* Debug */,
				5D7E747F250A080C001ECBAD /* Release */,
			);
			defaultConfigurationIsVisible = 0;
			defaultConfigurationName = Release;
		};
/* End XCConfigurationList section */

/* Begin XCVersionGroup section */
		5D7E746D250A0807001ECBAD /* NavigationBarPractice.xcdatamodeld */ = {
			isa = XCVersionGroup;
			children = (
				5D7E746E250A0807001ECBAD /* NavigationBarPractice.xcdatamodel */,
			);
			currentVersion = 5D7E746E250A0807001ECBAD /* NavigationBarPractice.xcdatamodel */;
			path = NavigationBarPractice.xcdatamodeld;
			sourceTree = "<group>";
			versionGroupType = wrapper.xcdatamodel;
		};
/* End XCVersionGroup section */
	};
	rootObject = 5D7E745E250A0806001ECBAD /* Project object */;
}
